// !$*UTF8*$!
{
	archiveVersion = 1;
	classes = {
	};
	objectVersion = 56;
	objects = {

/* Begin PBXBuildFile section */
		030ABFB12A0BCE6700BAB9B8 /* PortalSceneController.swift in Sources */ = {isa = PBXBuildFile; fileRef = 030ABFB02A0BCE6600BAB9B8 /* PortalSceneController.swift */; };
		030ABFB32A0BD0FC00BAB9B8 /* PortalScene.swift in Sources */ = {isa = PBXBuildFile; fileRef = 030ABFB22A0BD0FC00BAB9B8 /* PortalScene.swift */; };
		030ABFB62A0C93AA00BAB9B8 /* TileMapFileController.swift in Sources */ = {isa = PBXBuildFile; fileRef = 030ABFB52A0C93AA00BAB9B8 /* TileMapFileController.swift */; };
		030ABFB82A0CD90A00BAB9B8 /* WorldSceneTouchController.swift in Sources */ = {isa = PBXBuildFile; fileRef = 030ABFB72A0CD90A00BAB9B8 /* WorldSceneTouchController.swift */; };
		030ABFBA2A0CE8F600BAB9B8 /* Helper.swift in Sources */ = {isa = PBXBuildFile; fileRef = 030ABFB92A0CE8F600BAB9B8 /* Helper.swift */; };
		030ABFBC2A0DA03100BAB9B8 /* LMITapGestureRecognizer.swift in Sources */ = {isa = PBXBuildFile; fileRef = 030ABFBB2A0DA03100BAB9B8 /* LMITapGestureRecognizer.swift */; };
		030ABFBE2A0E10F600BAB9B8 /* WorldSceneGameObjectModel.swift in Sources */ = {isa = PBXBuildFile; fileRef = 030ABFBD2A0E10F600BAB9B8 /* WorldSceneGameObjectModel.swift */; };
		030ABFC02A0E11FB00BAB9B8 /* GameObject.swift in Sources */ = {isa = PBXBuildFile; fileRef = 030ABFBF2A0E11FB00BAB9B8 /* GameObject.swift */; };
		030ABFC32A0E290E00BAB9B8 /* GameDataModel.xcdatamodeld in Sources */ = {isa = PBXBuildFile; fileRef = 030ABFC12A0E290E00BAB9B8 /* GameDataModel.xcdatamodeld */; };
		030ABFC52A0E314000BAB9B8 /* GameObjectSeedPineCone.swift in Sources */ = {isa = PBXBuildFile; fileRef = 030ABFC42A0E314000BAB9B8 /* GameObjectSeedPineCone.swift */; };
		030ABFCB2A0F2E0800BAB9B8 /* CoreDataController.swift in Sources */ = {isa = PBXBuildFile; fileRef = 030ABFCA2A0F2E0800BAB9B8 /* CoreDataController.swift */; };
		030ABFCD2A10C6ED00BAB9B8 /* DiskController.swift in Sources */ = {isa = PBXBuildFile; fileRef = 030ABFCC2A10C6ED00BAB9B8 /* DiskController.swift */; };
		030ABFD02A10D44A00BAB9B8 /* SceneController.swift in Sources */ = {isa = PBXBuildFile; fileRef = 030ABFCF2A10D44900BAB9B8 /* SceneController.swift */; };
		031D57522A06298F007EF383 /* Constant.swift in Sources */ = {isa = PBXBuildFile; fileRef = 031D57512A06298F007EF383 /* Constant.swift */; };
		031D57562A076DC8007EF383 /* CharacterController.swift in Sources */ = {isa = PBXBuildFile; fileRef = 031D57552A076DC8007EF383 /* CharacterController.swift */; };
		031D57592A07731A007EF383 /* WorldSceneController.swift in Sources */ = {isa = PBXBuildFile; fileRef = 031D57582A07731A007EF383 /* WorldSceneController.swift */; };
		031D575C2A07C24C007EF383 /* WorldSceneModel.swift in Sources */ = {isa = PBXBuildFile; fileRef = 031D575B2A07C24C007EF383 /* WorldSceneModel.swift */; };
		031D575E2A07C311007EF383 /* WorldSceneTileModel.swift in Sources */ = {isa = PBXBuildFile; fileRef = 031D575D2A07C311007EF383 /* WorldSceneTileModel.swift */; };
		031D57662A07D7D9007EF383 /* CoreDataStack.swift in Sources */ = {isa = PBXBuildFile; fileRef = 031D57642A07D7D9007EF383 /* CoreDataStack.swift */; };
		038330A22A02850A008DEA10 /* AppDelegate.swift in Sources */ = {isa = PBXBuildFile; fileRef = 038330A12A02850A008DEA10 /* AppDelegate.swift */; };
		038330A62A02850A008DEA10 /* Actions.sks in Resources */ = {isa = PBXBuildFile; fileRef = 038330A52A02850A008DEA10 /* Actions.sks */; };
		038330A82A02850A008DEA10 /* WorldScene.swift in Sources */ = {isa = PBXBuildFile; fileRef = 038330A72A02850A008DEA10 /* WorldScene.swift */; };
		038330AA2A02850A008DEA10 /* ViewController.swift in Sources */ = {isa = PBXBuildFile; fileRef = 038330A92A02850A008DEA10 /* ViewController.swift */; };
		038330AD2A02850A008DEA10 /* Main.storyboard in Resources */ = {isa = PBXBuildFile; fileRef = 038330AB2A02850A008DEA10 /* Main.storyboard */; };
		038330AF2A02850B008DEA10 /* Assets.xcassets in Resources */ = {isa = PBXBuildFile; fileRef = 038330AE2A02850B008DEA10 /* Assets.xcassets */; };
		038330B22A02850B008DEA10 /* LaunchScreen.storyboard in Resources */ = {isa = PBXBuildFile; fileRef = 038330B02A02850B008DEA10 /* LaunchScreen.storyboard */; };
		039037BB2A11C77F0014A571 /* GameObjectCoordinate.swift in Sources */ = {isa = PBXBuildFile; fileRef = 039037BA2A11C77F0014A571 /* GameObjectCoordinate.swift */; };
		039037BE2A11D87D0014A571 /* Resource.swift in Sources */ = {isa = PBXBuildFile; fileRef = 039037BD2A11D87D0014A571 /* Resource.swift */; };
		039037C02A1376BB0014A571 /* UserDefaultsController.swift in Sources */ = {isa = PBXBuildFile; fileRef = 039037BF2A1376BB0014A571 /* UserDefaultsController.swift */; };
		039037C22A137B110014A571 /* IDGenerator.swift in Sources */ = {isa = PBXBuildFile; fileRef = 039037C12A137B110014A571 /* IDGenerator.swift */; };
/* End PBXBuildFile section */

/* Begin PBXFileReference section */
		030ABFB02A0BCE6600BAB9B8 /* PortalSceneController.swift */ = {isa = PBXFileReference; lastKnownFileType = sourcecode.swift; path = PortalSceneController.swift; sourceTree = "<group>"; };
		030ABFB22A0BD0FC00BAB9B8 /* PortalScene.swift */ = {isa = PBXFileReference; lastKnownFileType = sourcecode.swift; path = PortalScene.swift; sourceTree = "<group>"; };
		030ABFB52A0C93AA00BAB9B8 /* TileMapFileController.swift */ = {isa = PBXFileReference; lastKnownFileType = sourcecode.swift; path = TileMapFileController.swift; sourceTree = "<group>"; };
		030ABFB72A0CD90A00BAB9B8 /* WorldSceneTouchController.swift */ = {isa = PBXFileReference; lastKnownFileType = sourcecode.swift; path = WorldSceneTouchController.swift; sourceTree = "<group>"; };
		030ABFB92A0CE8F600BAB9B8 /* Helper.swift */ = {isa = PBXFileReference; lastKnownFileType = sourcecode.swift; path = Helper.swift; sourceTree = "<group>"; };
		030ABFBB2A0DA03100BAB9B8 /* LMITapGestureRecognizer.swift */ = {isa = PBXFileReference; lastKnownFileType = sourcecode.swift; path = LMITapGestureRecognizer.swift; sourceTree = "<group>"; };
		030ABFBD2A0E10F600BAB9B8 /* WorldSceneGameObjectModel.swift */ = {isa = PBXFileReference; lastKnownFileType = sourcecode.swift; path = WorldSceneGameObjectModel.swift; sourceTree = "<group>"; };
		030ABFBF2A0E11FB00BAB9B8 /* GameObject.swift */ = {isa = PBXFileReference; lastKnownFileType = sourcecode.swift; path = GameObject.swift; sourceTree = "<group>"; };
		030ABFC22A0E290E00BAB9B8 /* GameModel.xcdatamodel */ = {isa = PBXFileReference; lastKnownFileType = wrapper.xcdatamodel; path = GameModel.xcdatamodel; sourceTree = "<group>"; };
		030ABFC42A0E314000BAB9B8 /* GameObjectSeedPineCone.swift */ = {isa = PBXFileReference; lastKnownFileType = sourcecode.swift; path = GameObjectSeedPineCone.swift; sourceTree = "<group>"; };
		030ABFCA2A0F2E0800BAB9B8 /* CoreDataController.swift */ = {isa = PBXFileReference; lastKnownFileType = sourcecode.swift; path = CoreDataController.swift; sourceTree = "<group>"; };
		030ABFCC2A10C6ED00BAB9B8 /* DiskController.swift */ = {isa = PBXFileReference; lastKnownFileType = sourcecode.swift; path = DiskController.swift; sourceTree = "<group>"; };
		030ABFCF2A10D44900BAB9B8 /* SceneController.swift */ = {isa = PBXFileReference; lastKnownFileType = sourcecode.swift; path = SceneController.swift; sourceTree = "<group>"; };
		031D57512A06298F007EF383 /* Constant.swift */ = {isa = PBXFileReference; lastKnownFileType = sourcecode.swift; path = Constant.swift; sourceTree = "<group>"; };
		031D57552A076DC8007EF383 /* CharacterController.swift */ = {isa = PBXFileReference; lastKnownFileType = sourcecode.swift; path = CharacterController.swift; sourceTree = "<group>"; };
		031D57582A07731A007EF383 /* WorldSceneController.swift */ = {isa = PBXFileReference; lastKnownFileType = sourcecode.swift; path = WorldSceneController.swift; sourceTree = "<group>"; };
		031D575B2A07C24C007EF383 /* WorldSceneModel.swift */ = {isa = PBXFileReference; lastKnownFileType = sourcecode.swift; path = WorldSceneModel.swift; sourceTree = "<group>"; };
		031D575D2A07C311007EF383 /* WorldSceneTileModel.swift */ = {isa = PBXFileReference; lastKnownFileType = sourcecode.swift; path = WorldSceneTileModel.swift; sourceTree = "<group>"; };
		031D57642A07D7D9007EF383 /* CoreDataStack.swift */ = {isa = PBXFileReference; lastKnownFileType = sourcecode.swift; path = CoreDataStack.swift; sourceTree = "<group>"; };
		0383309E2A02850A008DEA10 /* a month game.app */ = {isa = PBXFileReference; explicitFileType = wrapper.application; includeInIndex = 0; path = "a month game.app"; sourceTree = BUILT_PRODUCTS_DIR; };
		038330A12A02850A008DEA10 /* AppDelegate.swift */ = {isa = PBXFileReference; lastKnownFileType = sourcecode.swift; path = AppDelegate.swift; sourceTree = "<group>"; };
		038330A52A02850A008DEA10 /* Actions.sks */ = {isa = PBXFileReference; lastKnownFileType = file.sks; path = Actions.sks; sourceTree = "<group>"; };
		038330A72A02850A008DEA10 /* WorldScene.swift */ = {isa = PBXFileReference; lastKnownFileType = sourcecode.swift; path = WorldScene.swift; sourceTree = "<group>"; };
		038330A92A02850A008DEA10 /* ViewController.swift */ = {isa = PBXFileReference; lastKnownFileType = sourcecode.swift; path = ViewController.swift; sourceTree = "<group>"; };
		038330AC2A02850A008DEA10 /* Base */ = {isa = PBXFileReference; lastKnownFileType = file.storyboard; name = Base; path = Base.lproj/Main.storyboard; sourceTree = "<group>"; };
		038330AE2A02850B008DEA10 /* Assets.xcassets */ = {isa = PBXFileReference; lastKnownFileType = folder.assetcatalog; path = Assets.xcassets; sourceTree = "<group>"; };
		038330B12A02850B008DEA10 /* Base */ = {isa = PBXFileReference; lastKnownFileType = file.storyboard; name = Base; path = Base.lproj/LaunchScreen.storyboard; sourceTree = "<group>"; };
		039037BA2A11C77F0014A571 /* GameObjectCoordinate.swift */ = {isa = PBXFileReference; lastKnownFileType = sourcecode.swift; path = GameObjectCoordinate.swift; sourceTree = "<group>"; };
		039037BD2A11D87D0014A571 /* Resource.swift */ = {isa = PBXFileReference; lastKnownFileType = sourcecode.swift; path = Resource.swift; sourceTree = "<group>"; };
		039037BF2A1376BB0014A571 /* UserDefaultsController.swift */ = {isa = PBXFileReference; lastKnownFileType = sourcecode.swift; path = UserDefaultsController.swift; sourceTree = "<group>"; };
		039037C12A137B110014A571 /* IDGenerator.swift */ = {isa = PBXFileReference; lastKnownFileType = sourcecode.swift; path = IDGenerator.swift; sourceTree = "<group>"; };
/* End PBXFileReference section */

/* Begin PBXFrameworksBuildPhase section */
		0383309B2A02850A008DEA10 /* Frameworks */ = {
			isa = PBXFrameworksBuildPhase;
			buildActionMask = 2147483647;
			files = (
			);
			runOnlyForDeploymentPostprocessing = 0;
		};
/* End PBXFrameworksBuildPhase section */

/* Begin PBXGroup section */
		030ABFAB2A0BCC3A00BAB9B8 /* WorldScene */ = {
			isa = PBXGroup;
			children = (
				031D57582A07731A007EF383 /* WorldSceneController.swift */,
				031D575F2A07C838007EF383 /* Controller */,
				031D575A2A07C232007EF383 /* Model */,
				031D57602A07C849007EF383 /* View */,
			);
			path = WorldScene;
			sourceTree = "<group>";
		};
		030ABFAC2A0BCC4C00BAB9B8 /* PortalScene */ = {
			isa = PBXGroup;
			children = (
				030ABFB02A0BCE6600BAB9B8 /* PortalSceneController.swift */,
				030ABFAD2A0BCDF000BAB9B8 /* Controller */,
				030ABFAF2A0BCDFE00BAB9B8 /* Model */,
				030ABFAE2A0BCDF900BAB9B8 /* View */,
			);
			path = PortalScene;
			sourceTree = "<group>";
		};
		030ABFAD2A0BCDF000BAB9B8 /* Controller */ = {
			isa = PBXGroup;
			children = (
			);
			path = Controller;
			sourceTree = "<group>";
		};
		030ABFAE2A0BCDF900BAB9B8 /* View */ = {
			isa = PBXGroup;
			children = (
				030ABFB22A0BD0FC00BAB9B8 /* PortalScene.swift */,
			);
			path = View;
			sourceTree = "<group>";
		};
		030ABFAF2A0BCDFE00BAB9B8 /* Model */ = {
			isa = PBXGroup;
			children = (
			);
			path = Model;
			sourceTree = "<group>";
		};
		030ABFCE2A10C6FF00BAB9B8 /* Disk */ = {
			isa = PBXGroup;
			children = (
				030ABFCC2A10C6ED00BAB9B8 /* DiskController.swift */,
				030ABFB52A0C93AA00BAB9B8 /* TileMapFileController.swift */,
				030ABFCA2A0F2E0800BAB9B8 /* CoreDataController.swift */,
				039037BF2A1376BB0014A571 /* UserDefaultsController.swift */,
			);
			path = Disk;
			sourceTree = "<group>";
		};
		031D57542A062A26007EF383 /* trash can */ = {
			isa = PBXGroup;
			children = (
				030ABFBB2A0DA03100BAB9B8 /* LMITapGestureRecognizer.swift */,
				031D57642A07D7D9007EF383 /* CoreDataStack.swift */,
				038330A52A02850A008DEA10 /* Actions.sks */,
			);
			path = "trash can";
			sourceTree = "<group>";
		};
		031D575A2A07C232007EF383 /* Model */ = {
			isa = PBXGroup;
			children = (
				031D575B2A07C24C007EF383 /* WorldSceneModel.swift */,
				031D575D2A07C311007EF383 /* WorldSceneTileModel.swift */,
				030ABFBD2A0E10F600BAB9B8 /* WorldSceneGameObjectModel.swift */,
				030ABFBF2A0E11FB00BAB9B8 /* GameObject.swift */,
				030ABFC42A0E314000BAB9B8 /* GameObjectSeedPineCone.swift */,
				039037BA2A11C77F0014A571 /* GameObjectCoordinate.swift */,
			);
			path = Model;
			sourceTree = "<group>";
		};
		031D575F2A07C838007EF383 /* Controller */ = {
			isa = PBXGroup;
			children = (
				031D57552A076DC8007EF383 /* CharacterController.swift */,
				030ABFB72A0CD90A00BAB9B8 /* WorldSceneTouchController.swift */,
			);
			path = Controller;
			sourceTree = "<group>";
		};
		031D57602A07C849007EF383 /* View */ = {
			isa = PBXGroup;
			children = (
				038330A72A02850A008DEA10 /* WorldScene.swift */,
			);
			path = View;
			sourceTree = "<group>";
		};
		038330952A02850A008DEA10 = {
			isa = PBXGroup;
			children = (
				038330A02A02850A008DEA10 /* a month game */,
				031D57542A062A26007EF383 /* trash can */,
				0383309F2A02850A008DEA10 /* Products */,
			);
			sourceTree = "<group>";
		};
		0383309F2A02850A008DEA10 /* Products */ = {
			isa = PBXGroup;
			children = (
				0383309E2A02850A008DEA10 /* a month game.app */,
			);
			name = Products;
			sourceTree = "<group>";
		};
		038330A02A02850A008DEA10 /* a month game */ = {
			isa = PBXGroup;
			children = (
				039037BC2A11D86A0014A571 /* Constant */,
				030ABFCE2A10C6FF00BAB9B8 /* Disk */,
				038330A12A02850A008DEA10 /* AppDelegate.swift */,
				030ABFB92A0CE8F600BAB9B8 /* Helper.swift */,
				038330A92A02850A008DEA10 /* ViewController.swift */,
				030ABFAC2A0BCC4C00BAB9B8 /* PortalScene */,
				030ABFAB2A0BCC3A00BAB9B8 /* WorldScene */,
				030ABFC12A0E290E00BAB9B8 /* GameDataModel.xcdatamodeld */,
				038330AB2A02850A008DEA10 /* Main.storyboard */,
				038330AE2A02850B008DEA10 /* Assets.xcassets */,
				038330B02A02850B008DEA10 /* LaunchScreen.storyboard */,
				030ABFCF2A10D44900BAB9B8 /* SceneController.swift */,
				039037C12A137B110014A571 /* IDGenerator.swift */,
			);
			path = "a month game";
			sourceTree = "<group>";
		};
		039037BC2A11D86A0014A571 /* Constant */ = {
			isa = PBXGroup;
			children = (
				031D57512A06298F007EF383 /* Constant.swift */,
				039037BD2A11D87D0014A571 /* Resource.swift */,
			);
			path = Constant;
			sourceTree = "<group>";
		};
/* End PBXGroup section */

/* Begin PBXNativeTarget section */
		0383309D2A02850A008DEA10 /* a month game */ = {
			isa = PBXNativeTarget;
			buildConfigurationList = 038330B52A02850B008DEA10 /* Build configuration list for PBXNativeTarget "a month game" */;
			buildPhases = (
				0383309A2A02850A008DEA10 /* Sources */,
				0383309B2A02850A008DEA10 /* Frameworks */,
				0383309C2A02850A008DEA10 /* Resources */,
			);
			buildRules = (
			);
			dependencies = (
			);
			name = "a month game";
			productName = "a month game";
			productReference = 0383309E2A02850A008DEA10 /* a month game.app */;
			productType = "com.apple.product-type.application";
		};
/* End PBXNativeTarget section */

/* Begin PBXProject section */
		038330962A02850A008DEA10 /* Project object */ = {
			isa = PBXProject;
			attributes = {
				BuildIndependentTargetsInParallel = 1;
				LastSwiftUpdateCheck = 1430;
				LastUpgradeCheck = 1430;
				TargetAttributes = {
					0383309D2A02850A008DEA10 = {
						CreatedOnToolsVersion = 14.3;
					};
				};
			};
			buildConfigurationList = 038330992A02850A008DEA10 /* Build configuration list for PBXProject "a month game" */;
			compatibilityVersion = "Xcode 14.0";
			developmentRegion = en;
			hasScannedForEncodings = 0;
			knownRegions = (
				en,
				Base,
			);
			mainGroup = 038330952A02850A008DEA10;
			productRefGroup = 0383309F2A02850A008DEA10 /* Products */;
			projectDirPath = "";
			projectRoot = "";
			targets = (
				0383309D2A02850A008DEA10 /* a month game */,
			);
		};
/* End PBXProject section */

/* Begin PBXResourcesBuildPhase section */
		0383309C2A02850A008DEA10 /* Resources */ = {
			isa = PBXResourcesBuildPhase;
			buildActionMask = 2147483647;
			files = (
				038330AD2A02850A008DEA10 /* Main.storyboard in Resources */,
				038330AF2A02850B008DEA10 /* Assets.xcassets in Resources */,
				038330B22A02850B008DEA10 /* LaunchScreen.storyboard in Resources */,
				038330A62A02850A008DEA10 /* Actions.sks in Resources */,
			);
			runOnlyForDeploymentPostprocessing = 0;
		};
/* End PBXResourcesBuildPhase section */

/* Begin PBXSourcesBuildPhase section */
		0383309A2A02850A008DEA10 /* Sources */ = {
			isa = PBXSourcesBuildPhase;
			buildActionMask = 2147483647;
			files = (
				039037C22A137B110014A571 /* IDGenerator.swift in Sources */,
				030ABFBE2A0E10F600BAB9B8 /* WorldSceneGameObjectModel.swift in Sources */,
				031D575E2A07C311007EF383 /* WorldSceneTileModel.swift in Sources */,
				030ABFD02A10D44A00BAB9B8 /* SceneController.swift in Sources */,
				030ABFB62A0C93AA00BAB9B8 /* TileMapFileController.swift in Sources */,
				030ABFBA2A0CE8F600BAB9B8 /* Helper.swift in Sources */,
				038330A82A02850A008DEA10 /* WorldScene.swift in Sources */,
				031D57592A07731A007EF383 /* WorldSceneController.swift in Sources */,
				030ABFCD2A10C6ED00BAB9B8 /* DiskController.swift in Sources */,
				031D57662A07D7D9007EF383 /* CoreDataStack.swift in Sources */,
				039037BE2A11D87D0014A571 /* Resource.swift in Sources */,
				030ABFBC2A0DA03100BAB9B8 /* LMITapGestureRecognizer.swift in Sources */,
				030ABFC32A0E290E00BAB9B8 /* GameDataModel.xcdatamodeld in Sources */,
				030ABFB32A0BD0FC00BAB9B8 /* PortalScene.swift in Sources */,
				038330AA2A02850A008DEA10 /* ViewController.swift in Sources */,
				039037C02A1376BB0014A571 /* UserDefaultsController.swift in Sources */,
				030ABFCB2A0F2E0800BAB9B8 /* CoreDataController.swift in Sources */,
				030ABFC02A0E11FB00BAB9B8 /* GameObject.swift in Sources */,
				039037BB2A11C77F0014A571 /* GameObjectCoordinate.swift in Sources */,
				038330A22A02850A008DEA10 /* AppDelegate.swift in Sources */,
				031D57562A076DC8007EF383 /* CharacterController.swift in Sources */,
				031D575C2A07C24C007EF383 /* WorldSceneModel.swift in Sources */,
				030ABFC52A0E314000BAB9B8 /* GameObjectSeedPineCone.swift in Sources */,
				030ABFB82A0CD90A00BAB9B8 /* WorldSceneTouchController.swift in Sources */,
				031D57522A06298F007EF383 /* Constant.swift in Sources */,
				030ABFB12A0BCE6700BAB9B8 /* PortalSceneController.swift in Sources */,
			);
			runOnlyForDeploymentPostprocessing = 0;
		};
/* End PBXSourcesBuildPhase section */

/* Begin PBXVariantGroup section */
		038330AB2A02850A008DEA10 /* Main.storyboard */ = {
			isa = PBXVariantGroup;
			children = (
				038330AC2A02850A008DEA10 /* Base */,
			);
			name = Main.storyboard;
			sourceTree = "<group>";
		};
		038330B02A02850B008DEA10 /* LaunchScreen.storyboard */ = {
			isa = PBXVariantGroup;
			children = (
				038330B12A02850B008DEA10 /* Base */,
			);
			name = LaunchScreen.storyboard;
			sourceTree = "<group>";
		};
/* End PBXVariantGroup section */

/* Begin XCBuildConfiguration section */
		038330B32A02850B008DEA10 /* Debug */ = {
			isa = XCBuildConfiguration;
			buildSettings = {
				ALWAYS_SEARCH_USER_PATHS = NO;
				CLANG_ANALYZER_NONNULL = YES;
				CLANG_ANALYZER_NUMBER_OBJECT_CONVERSION = YES_AGGRESSIVE;
				CLANG_CXX_LANGUAGE_STANDARD = "gnu++20";
				CLANG_ENABLE_MODULES = YES;
				CLANG_ENABLE_OBJC_ARC = YES;
				CLANG_ENABLE_OBJC_WEAK = YES;
				CLANG_WARN_BLOCK_CAPTURE_AUTORELEASING = YES;
				CLANG_WARN_BOOL_CONVERSION = YES;
				CLANG_WARN_COMMA = YES;
				CLANG_WARN_CONSTANT_CONVERSION = YES;
				CLANG_WARN_DEPRECATED_OBJC_IMPLEMENTATIONS = YES;
				CLANG_WARN_DIRECT_OBJC_ISA_USAGE = YES_ERROR;
				CLANG_WARN_DOCUMENTATION_COMMENTS = YES;
				CLANG_WARN_EMPTY_BODY = YES;
				CLANG_WARN_ENUM_CONVERSION = YES;
				CLANG_WARN_INFINITE_RECURSION = YES;
				CLANG_WARN_INT_CONVERSION = YES;
				CLANG_WARN_NON_LITERAL_NULL_CONVERSION = YES;
				CLANG_WARN_OBJC_IMPLICIT_RETAIN_SELF = YES;
				CLANG_WARN_OBJC_LITERAL_CONVERSION = YES;
				CLANG_WARN_OBJC_ROOT_CLASS = YES_ERROR;
				CLANG_WARN_QUOTED_INCLUDE_IN_FRAMEWORK_HEADER = YES;
				CLANG_WARN_RANGE_LOOP_ANALYSIS = YES;
				CLANG_WARN_STRICT_PROTOTYPES = YES;
				CLANG_WARN_SUSPICIOUS_MOVE = YES;
				CLANG_WARN_UNGUARDED_AVAILABILITY = YES_AGGRESSIVE;
				CLANG_WARN_UNREACHABLE_CODE = YES;
				CLANG_WARN__DUPLICATE_METHOD_MATCH = YES;
				COPY_PHASE_STRIP = NO;
				DEBUG_INFORMATION_FORMAT = dwarf;
				ENABLE_STRICT_OBJC_MSGSEND = YES;
				ENABLE_TESTABILITY = YES;
				GCC_C_LANGUAGE_STANDARD = gnu11;
				GCC_DYNAMIC_NO_PIC = NO;
				GCC_NO_COMMON_BLOCKS = YES;
				GCC_OPTIMIZATION_LEVEL = 0;
				GCC_PREPROCESSOR_DEFINITIONS = (
					"DEBUG=1",
					"$(inherited)",
				);
				GCC_WARN_64_TO_32_BIT_CONVERSION = YES;
				GCC_WARN_ABOUT_RETURN_TYPE = YES_ERROR;
				GCC_WARN_UNDECLARED_SELECTOR = YES;
				GCC_WARN_UNINITIALIZED_AUTOS = YES_AGGRESSIVE;
				GCC_WARN_UNUSED_FUNCTION = YES;
				GCC_WARN_UNUSED_VARIABLE = YES;
				IPHONEOS_DEPLOYMENT_TARGET = 16.4;
				MTL_ENABLE_DEBUG_INFO = INCLUDE_SOURCE;
				MTL_FAST_MATH = YES;
				ONLY_ACTIVE_ARCH = YES;
				SDKROOT = iphoneos;
				SWIFT_ACTIVE_COMPILATION_CONDITIONS = DEBUG;
				SWIFT_OPTIMIZATION_LEVEL = "-Onone";
			};
			name = Debug;
		};
		038330B42A02850B008DEA10 /* Release */ = {
			isa = XCBuildConfiguration;
			buildSettings = {
				ALWAYS_SEARCH_USER_PATHS = NO;
				CLANG_ANALYZER_NONNULL = YES;
				CLANG_ANALYZER_NUMBER_OBJECT_CONVERSION = YES_AGGRESSIVE;
				CLANG_CXX_LANGUAGE_STANDARD = "gnu++20";
				CLANG_ENABLE_MODULES = YES;
				CLANG_ENABLE_OBJC_ARC = YES;
				CLANG_ENABLE_OBJC_WEAK = YES;
				CLANG_WARN_BLOCK_CAPTURE_AUTORELEASING = YES;
				CLANG_WARN_BOOL_CONVERSION = YES;
				CLANG_WARN_COMMA = YES;
				CLANG_WARN_CONSTANT_CONVERSION = YES;
				CLANG_WARN_DEPRECATED_OBJC_IMPLEMENTATIONS = YES;
				CLANG_WARN_DIRECT_OBJC_ISA_USAGE = YES_ERROR;
				CLANG_WARN_DOCUMENTATION_COMMENTS = YES;
				CLANG_WARN_EMPTY_BODY = YES;
				CLANG_WARN_ENUM_CONVERSION = YES;
				CLANG_WARN_INFINITE_RECURSION = YES;
				CLANG_WARN_INT_CONVERSION = YES;
				CLANG_WARN_NON_LITERAL_NULL_CONVERSION = YES;
				CLANG_WARN_OBJC_IMPLICIT_RETAIN_SELF = YES;
				CLANG_WARN_OBJC_LITERAL_CONVERSION = YES;
				CLANG_WARN_OBJC_ROOT_CLASS = YES_ERROR;
				CLANG_WARN_QUOTED_INCLUDE_IN_FRAMEWORK_HEADER = YES;
				CLANG_WARN_RANGE_LOOP_ANALYSIS = YES;
				CLANG_WARN_STRICT_PROTOTYPES = YES;
				CLANG_WARN_SUSPICIOUS_MOVE = YES;
				CLANG_WARN_UNGUARDED_AVAILABILITY = YES_AGGRESSIVE;
				CLANG_WARN_UNREACHABLE_CODE = YES;
				CLANG_WARN__DUPLICATE_METHOD_MATCH = YES;
				COPY_PHASE_STRIP = NO;
				DEBUG_INFORMATION_FORMAT = "dwarf-with-dsym";
				ENABLE_NS_ASSERTIONS = NO;
				ENABLE_STRICT_OBJC_MSGSEND = YES;
				GCC_C_LANGUAGE_STANDARD = gnu11;
				GCC_NO_COMMON_BLOCKS = YES;
				GCC_WARN_64_TO_32_BIT_CONVERSION = YES;
				GCC_WARN_ABOUT_RETURN_TYPE = YES_ERROR;
				GCC_WARN_UNDECLARED_SELECTOR = YES;
				GCC_WARN_UNINITIALIZED_AUTOS = YES_AGGRESSIVE;
				GCC_WARN_UNUSED_FUNCTION = YES;
				GCC_WARN_UNUSED_VARIABLE = YES;
				IPHONEOS_DEPLOYMENT_TARGET = 16.4;
				MTL_ENABLE_DEBUG_INFO = NO;
				MTL_FAST_MATH = YES;
				SDKROOT = iphoneos;
				SWIFT_COMPILATION_MODE = wholemodule;
				SWIFT_OPTIMIZATION_LEVEL = "-O";
				VALIDATE_PRODUCT = YES;
			};
			name = Release;
		};
		038330B62A02850B008DEA10 /* Debug */ = {
			isa = XCBuildConfiguration;
			buildSettings = {
				ASSETCATALOG_COMPILER_APPICON_NAME = AppIcon;
				ASSETCATALOG_COMPILER_GLOBAL_ACCENT_COLOR_NAME = AccentColor;
				CODE_SIGN_STYLE = Automatic;
				CURRENT_PROJECT_VERSION = 1;
				DEVELOPMENT_TEAM = U574U2FQ3E;
				GENERATE_INFOPLIST_FILE = YES;
				INFOPLIST_KEY_UIApplicationSupportsIndirectInputEvents = YES;
				INFOPLIST_KEY_UILaunchStoryboardName = LaunchScreen;
				INFOPLIST_KEY_UIMainStoryboardFile = Main;
				INFOPLIST_KEY_UIStatusBarHidden = YES;
				INFOPLIST_KEY_UISupportedInterfaceOrientations_iPad = "UIInterfaceOrientationPortrait UIInterfaceOrientationPortraitUpsideDown UIInterfaceOrientationLandscapeLeft UIInterfaceOrientationLandscapeRight";
				INFOPLIST_KEY_UISupportedInterfaceOrientations_iPhone = "UIInterfaceOrientationPortrait UIInterfaceOrientationLandscapeLeft UIInterfaceOrientationLandscapeRight";
				LD_RUNPATH_SEARCH_PATHS = (
					"$(inherited)",
					"@executable_path/Frameworks",
				);
				MARKETING_VERSION = 1.0;
				PRODUCT_BUNDLE_IDENTIFIER = "LMI.a-month-game";
				PRODUCT_NAME = "$(TARGET_NAME)";
				SWIFT_EMIT_LOC_STRINGS = YES;
				SWIFT_VERSION = 5.0;
				TARGETED_DEVICE_FAMILY = "1,2";
			};
			name = Debug;
		};
		038330B72A02850B008DEA10 /* Release */ = {
			isa = XCBuildConfiguration;
			buildSettings = {
				ASSETCATALOG_COMPILER_APPICON_NAME = AppIcon;
				ASSETCATALOG_COMPILER_GLOBAL_ACCENT_COLOR_NAME = AccentColor;
				CODE_SIGN_STYLE = Automatic;
				CURRENT_PROJECT_VERSION = 1;
				DEVELOPMENT_TEAM = U574U2FQ3E;
				GENERATE_INFOPLIST_FILE = YES;
				INFOPLIST_KEY_UIApplicationSupportsIndirectInputEvents = YES;
				INFOPLIST_KEY_UILaunchStoryboardName = LaunchScreen;
				INFOPLIST_KEY_UIMainStoryboardFile = Main;
				INFOPLIST_KEY_UIStatusBarHidden = YES;
				INFOPLIST_KEY_UISupportedInterfaceOrientations_iPad = "UIInterfaceOrientationPortrait UIInterfaceOrientationPortraitUpsideDown UIInterfaceOrientationLandscapeLeft UIInterfaceOrientationLandscapeRight";
				INFOPLIST_KEY_UISupportedInterfaceOrientations_iPhone = "UIInterfaceOrientationPortrait UIInterfaceOrientationLandscapeLeft UIInterfaceOrientationLandscapeRight";
				LD_RUNPATH_SEARCH_PATHS = (
					"$(inherited)",
					"@executable_path/Frameworks",
				);
				MARKETING_VERSION = 1.0;
				PRODUCT_BUNDLE_IDENTIFIER = "LMI.a-month-game";
				PRODUCT_NAME = "$(TARGET_NAME)";
				SWIFT_EMIT_LOC_STRINGS = YES;
				SWIFT_VERSION = 5.0;
				TARGETED_DEVICE_FAMILY = "1,2";
			};
			name = Release;
		};
/* End XCBuildConfiguration section */

/* Begin XCConfigurationList section */
		038330992A02850A008DEA10 /* Build configuration list for PBXProject "a month game" */ = {
			isa = XCConfigurationList;
			buildConfigurations = (
				038330B32A02850B008DEA10 /* Debug */,
				038330B42A02850B008DEA10 /* Release */,
			);
			defaultConfigurationIsVisible = 0;
			defaultConfigurationName = Release;
		};
		038330B52A02850B008DEA10 /* Build configuration list for PBXNativeTarget "a month game" */ = {
			isa = XCConfigurationList;
			buildConfigurations = (
				038330B62A02850B008DEA10 /* Debug */,
				038330B72A02850B008DEA10 /* Release */,
			);
			defaultConfigurationIsVisible = 0;
			defaultConfigurationName = Release;
		};
/* End XCConfigurationList section */

/* Begin XCVersionGroup section */
		030ABFC12A0E290E00BAB9B8 /* GameDataModel.xcdatamodeld */ = {
			isa = XCVersionGroup;
			children = (
				030ABFC22A0E290E00BAB9B8 /* GameModel.xcdatamodel */,
			);
			currentVersion = 030ABFC22A0E290E00BAB9B8 /* GameModel.xcdatamodel */;
			path = GameDataModel.xcdatamodeld;
			sourceTree = "<group>";
			versionGroupType = wrapper.xcdatamodel;
		};
/* End XCVersionGroup section */
	};
	rootObject = 038330962A02850A008DEA10 /* Project object */;
}
