// !$*UTF8*$!
{
	archiveVersion = 1;
	classes = {
	};
	objectVersion = 56;
	objects = {

/* Begin PBXBuildFile section */
		030261222A3C49160050E697 /* WorldDataRepository.swift in Sources */ = {isa = PBXBuildFile; fileRef = 030261212A3C49160050E697 /* WorldDataRepository.swift */; };
		030261242A3C56E40050E697 /* MovingLayer.swift in Sources */ = {isa = PBXBuildFile; fileRef = 030261232A3C56E40050E697 /* MovingLayer.swift */; };
		030261262A3C71FC0050E697 /* LMINode.swift in Sources */ = {isa = PBXBuildFile; fileRef = 030261252A3C71FC0050E697 /* LMINode.swift */; };
		0302612A2A3C7B590050E697 /* WorldSceneModel.swift in Sources */ = {isa = PBXBuildFile; fileRef = 030261292A3C7B590050E697 /* WorldSceneModel.swift */; };
		0302612C2A3DBA530050E697 /* TapRecognizer.swift in Sources */ = {isa = PBXBuildFile; fileRef = 0302612B2A3DBA530050E697 /* TapRecognizer.swift */; };
		0304D76B2A57ED960068DE99 /* ChunkContainerLogic.swift in Sources */ = {isa = PBXBuildFile; fileRef = 0304D76A2A57ED960068DE99 /* ChunkContainerLogic.swift */; };
		0304D76D2A57EE870068DE99 /* InventoryContainerLogic.swift in Sources */ = {isa = PBXBuildFile; fileRef = 0304D76C2A57EE870068DE99 /* InventoryContainerLogic.swift */; };
		0304D76F2A57FF1D0068DE99 /* SceneLogic.swift in Sources */ = {isa = PBXBuildFile; fileRef = 0304D76E2A57FF1D0068DE99 /* SceneLogic.swift */; };
		0304D7712A5839D20068DE99 /* CharacterLogic.swift in Sources */ = {isa = PBXBuildFile; fileRef = 0304D7702A5839D20068DE99 /* CharacterLogic.swift */; };
		0304D7732A583BE20068DE99 /* AccessibleGOTrackerLogic.swift in Sources */ = {isa = PBXBuildFile; fileRef = 0304D7722A583BE20068DE99 /* AccessibleGOTrackerLogic.swift */; };
		0304D7752A5954830068DE99 /* InventoryData.swift in Sources */ = {isa = PBXBuildFile; fileRef = 0304D7742A5954830068DE99 /* InventoryData.swift */; };
		030ABFB32A0BD0FC00BAB9B8 /* PortalScene.swift in Sources */ = {isa = PBXBuildFile; fileRef = 030ABFB22A0BD0FC00BAB9B8 /* PortalScene.swift */; };
		030ABFB62A0C93AA00BAB9B8 /* TileDataSource.swift in Sources */ = {isa = PBXBuildFile; fileRef = 030ABFB52A0C93AA00BAB9B8 /* TileDataSource.swift */; };
		030ABFC02A0E11FB00BAB9B8 /* GameObject.swift in Sources */ = {isa = PBXBuildFile; fileRef = 030ABFBF2A0E11FB00BAB9B8 /* GameObject.swift */; };
		030ABFC32A0E290E00BAB9B8 /* WorldDataModel.xcdatamodeld in Sources */ = {isa = PBXBuildFile; fileRef = 030ABFC12A0E290E00BAB9B8 /* WorldDataModel.xcdatamodeld */; };
		030ABFCB2A0F2E0800BAB9B8 /* GameObjectDataSource.swift in Sources */ = {isa = PBXBuildFile; fileRef = 030ABFCA2A0F2E0800BAB9B8 /* GameObjectDataSource.swift */; };
		031AA8042A24A5D20017EFCD /* CombineSequences.swift in Sources */ = {isa = PBXBuildFile; fileRef = 031AA8032A24A5D20017EFCD /* CombineSequences.swift */; };
		031AA8072A24F20E0017EFCD /* LMISpriteNode.swift in Sources */ = {isa = PBXBuildFile; fileRef = 031AA8062A24F20E0017EFCD /* LMISpriteNode.swift */; };
		031AA80C2A25CF630017EFCD /* MenuWindow.swift in Sources */ = {isa = PBXBuildFile; fileRef = 031AA80B2A25CF630017EFCD /* MenuWindow.swift */; };
		031AA80E2A25CFB70017EFCD /* Button.swift in Sources */ = {isa = PBXBuildFile; fileRef = 031AA80D2A25CFB70017EFCD /* Button.swift */; };
		031AA8102A26155C0017EFCD /* ResetWindow.swift in Sources */ = {isa = PBXBuildFile; fileRef = 031AA80F2A26155C0017EFCD /* ResetWindow.swift */; };
		031D57522A06298F007EF383 /* Constant.swift in Sources */ = {isa = PBXBuildFile; fileRef = 031D57512A06298F007EF383 /* Constant.swift */; };
		031D57562A076DC8007EF383 /* CharacterData.swift in Sources */ = {isa = PBXBuildFile; fileRef = 031D57552A076DC8007EF383 /* CharacterData.swift */; };
		03311DD22A1A3E3F0020ADB5 /* CharacterInventory.swift in Sources */ = {isa = PBXBuildFile; fileRef = 03311DD12A1A3E3F0020ADB5 /* CharacterInventory.swift */; };
		033C9E612A1C2D83000E1D50 /* Inventory.swift in Sources */ = {isa = PBXBuildFile; fileRef = 033C9E602A1C2D83000E1D50 /* Inventory.swift */; };
		033C9E632A1C2DCA000E1D50 /* FieldNode.swift in Sources */ = {isa = PBXBuildFile; fileRef = 033C9E622A1C2DCA000E1D50 /* FieldNode.swift */; };
		033D68EA2A3EC088005D3CB0 /* Direction.swift in Sources */ = {isa = PBXBuildFile; fileRef = 033D68E92A3EC088005D3CB0 /* Direction.swift */; };
		033D68F02A3EE5DD005D3CB0 /* ChunkService.swift in Sources */ = {isa = PBXBuildFile; fileRef = 033D68EF2A3EE5DD005D3CB0 /* ChunkService.swift */; };
		033D68F42A3FF932005D3CB0 /* WorldViewModel.swift in Sources */ = {isa = PBXBuildFile; fileRef = 033D68F32A3FF932005D3CB0 /* WorldViewModel.swift */; };
		033D68F62A4001DF005D3CB0 /* CharacterMovedToAnotherChunkEventHandler.swift in Sources */ = {isa = PBXBuildFile; fileRef = 033D68F52A4001DF005D3CB0 /* CharacterMovedToAnotherChunkEventHandler.swift */; };
		033D68F82A4021DE005D3CB0 /* WorldDataDataSource.swift in Sources */ = {isa = PBXBuildFile; fileRef = 033D68F72A4021DE005D3CB0 /* WorldDataDataSource.swift */; };
		033D68FC2A4050BE005D3CB0 /* ChunkRepository.swift in Sources */ = {isa = PBXBuildFile; fileRef = 033D68FB2A4050BD005D3CB0 /* ChunkRepository.swift */; };
		033D690B2A4146BA005D3CB0 /* TileMap.swift in Sources */ = {isa = PBXBuildFile; fileRef = 033D690A2A4146BA005D3CB0 /* TileMap.swift */; };
		034637822A238D3600370C71 /* AccessibleGOTracker.swift in Sources */ = {isa = PBXBuildFile; fileRef = 034637812A238D3600370C71 /* AccessibleGOTracker.swift */; };
		0347BA722A46E67500E31FA1 /* AddressComponent.swift in Sources */ = {isa = PBXBuildFile; fileRef = 0347BA712A46E67500E31FA1 /* AddressComponent.swift */; };
		0347BA742A46E68500E31FA1 /* Address.swift in Sources */ = {isa = PBXBuildFile; fileRef = 0347BA732A46E68500E31FA1 /* Address.swift */; };
		0347BA782A481BAB00E31FA1 /* InventoryRepository.swift in Sources */ = {isa = PBXBuildFile; fileRef = 0347BA772A481BAB00E31FA1 /* InventoryRepository.swift */; };
		0347BA7A2A481C4100E31FA1 /* InventoryService.swift in Sources */ = {isa = PBXBuildFile; fileRef = 0347BA792A481C4100E31FA1 /* InventoryService.swift */; };
		0347BA7C2A48703900E31FA1 /* InventoryContainer.swift in Sources */ = {isa = PBXBuildFile; fileRef = 0347BA7B2A48703900E31FA1 /* InventoryContainer.swift */; };
		0347BA7E2A49BB8F00E31FA1 /* ChunkData.swift in Sources */ = {isa = PBXBuildFile; fileRef = 0347BA7D2A49BB8F00E31FA1 /* ChunkData.swift */; };
		034A07352A5ABC2A0034D657 /* GameObjectDataLogic.swift in Sources */ = {isa = PBXBuildFile; fileRef = 034A07342A5ABC2A0034D657 /* GameObjectDataLogic.swift */; };
		035393852A4AA95800594612 /* CharacterPositionUpdater.swift in Sources */ = {isa = PBXBuildFile; fileRef = 035393842A4AA95800594612 /* CharacterPositionUpdater.swift */; };
		036FE5202A41A73A007E66A5 /* Chunk.swift in Sources */ = {isa = PBXBuildFile; fileRef = 036FE51F2A41A73A007E66A5 /* Chunk.swift */; };
		036FE5222A429E8D007E66A5 /* ChunkContainer.swift in Sources */ = {isa = PBXBuildFile; fileRef = 036FE5212A429E8D007E66A5 /* ChunkContainer.swift */; };
		036FE52C2A43136B007E66A5 /* tiny_homeTests.swift in Sources */ = {isa = PBXBuildFile; fileRef = 036FE52B2A43136B007E66A5 /* tiny_homeTests.swift */; };
		03796C012A4E7C1700462804 /* PinchRecognizer.swift in Sources */ = {isa = PBXBuildFile; fileRef = 03796C002A4E7C1700462804 /* PinchRecognizer.swift */; };
		03796C032A4EA92B00462804 /* PanRecognizer.swift in Sources */ = {isa = PBXBuildFile; fileRef = 03796C022A4EA92B00462804 /* PanRecognizer.swift */; };
		03796C062A4FC9EE00462804 /* GameObjectTouchLogic.swift in Sources */ = {isa = PBXBuildFile; fileRef = 03796C052A4FC9EE00462804 /* GameObjectTouchLogic.swift */; };
		03796C082A4FCAD800462804 /* TouchLogics.swift in Sources */ = {isa = PBXBuildFile; fileRef = 03796C072A4FCAD800462804 /* TouchLogics.swift */; };
		03796C0A2A50083E00462804 /* FieldTouchLogic.swift in Sources */ = {isa = PBXBuildFile; fileRef = 03796C092A50083E00462804 /* FieldTouchLogic.swift */; };
		03796C0C2A501C6100462804 /* InventoryTouchLogic.swift in Sources */ = {isa = PBXBuildFile; fileRef = 03796C0B2A501C6100462804 /* InventoryTouchLogic.swift */; };
		03796C112A513C7D00462804 /* CraftTouchLogic.swift in Sources */ = {isa = PBXBuildFile; fileRef = 03796C102A513C7D00462804 /* CraftTouchLogic.swift */; };
		03796C142A516AAA00462804 /* GameObjectLogic.swift in Sources */ = {isa = PBXBuildFile; fileRef = 03796C132A516AAA00462804 /* GameObjectLogic.swift */; };
		037E3F462A1CDFEC008A50CA /* TileType.swift in Sources */ = {isa = PBXBuildFile; fileRef = 037E3F452A1CDFEC008A50CA /* TileType.swift */; };
		038330A22A02850A008DEA10 /* AppDelegate.swift in Sources */ = {isa = PBXBuildFile; fileRef = 038330A12A02850A008DEA10 /* AppDelegate.swift */; };
		038330A82A02850A008DEA10 /* WorldScene.swift in Sources */ = {isa = PBXBuildFile; fileRef = 038330A72A02850A008DEA10 /* WorldScene.swift */; };
		038330AA2A02850A008DEA10 /* PortalViewController.swift in Sources */ = {isa = PBXBuildFile; fileRef = 038330A92A02850A008DEA10 /* PortalViewController.swift */; };
		038330AD2A02850A008DEA10 /* Main.storyboard in Resources */ = {isa = PBXBuildFile; fileRef = 038330AB2A02850A008DEA10 /* Main.storyboard */; };
		038330AF2A02850B008DEA10 /* Assets.xcassets in Resources */ = {isa = PBXBuildFile; fileRef = 038330AE2A02850B008DEA10 /* Assets.xcassets */; };
		038330B22A02850B008DEA10 /* LaunchScreen.storyboard in Resources */ = {isa = PBXBuildFile; fileRef = 038330B02A02850B008DEA10 /* LaunchScreen.storyboard */; };
		039037CB2A15FBCD0014A571 /* Extension.swift in Sources */ = {isa = PBXBuildFile; fileRef = 039037CA2A15FBCD0014A571 /* Extension.swift */; };
		039037CD2A17AB3E0014A571 /* Coordinate.swift in Sources */ = {isa = PBXBuildFile; fileRef = 039037CC2A17AB3E0014A571 /* Coordinate.swift */; };
		0392E9302A3B3E8E001C22C4 /* WorldGenerator.swift in Sources */ = {isa = PBXBuildFile; fileRef = 0392E92F2A3B3E8E001C22C4 /* WorldGenerator.swift */; };
		0392E9322A3B45B6001C22C4 /* IDGeneratorService.swift in Sources */ = {isa = PBXBuildFile; fileRef = 0392E9312A3B45B6001C22C4 /* IDGeneratorService.swift */; };
		0392E9342A3C1ABD001C22C4 /* TileRepository.swift in Sources */ = {isa = PBXBuildFile; fileRef = 0392E9332A3C1ABD001C22C4 /* TileRepository.swift */; };
		0392E9362A3C1E94001C22C4 /* GameObjectRepository.swift in Sources */ = {isa = PBXBuildFile; fileRef = 0392E9352A3C1E94001C22C4 /* GameObjectRepository.swift */; };
		039EEFC92A243DD900CB93C6 /* TouchContext.swift in Sources */ = {isa = PBXBuildFile; fileRef = 039EEFC82A243DD900CB93C6 /* TouchContext.swift */; };
		03C65E172A446D310042BF22 /* CharacterMovedToAnotherTileEventHandler.swift in Sources */ = {isa = PBXBuildFile; fileRef = 03C65E162A446D310042BF22 /* CharacterMovedToAnotherTileEventHandler.swift */; };
		03C65E1A2A446FA10042BF22 /* WorldEventManager.swift in Sources */ = {isa = PBXBuildFile; fileRef = 03C65E192A446FA10042BF22 /* WorldEventManager.swift */; };
		03C65E202A45631C0042BF22 /* CharacterMovedEventHandler.swift in Sources */ = {isa = PBXBuildFile; fileRef = 03C65E1F2A45631C0042BF22 /* CharacterMovedEventHandler.swift */; };
		03C65E222A45D32D0042BF22 /* GameObjectMoveTouchEventHandler.swift in Sources */ = {isa = PBXBuildFile; fileRef = 03C65E212A45D32D0042BF22 /* GameObjectMoveTouchEventHandler.swift */; };
		03C65E242A46878E0042BF22 /* AccessableGOTrackerRemoveEventHandler.swift in Sources */ = {isa = PBXBuildFile; fileRef = 03C65E232A46878E0042BF22 /* AccessableGOTrackerRemoveEventHandler.swift */; };
		03C65E262A4693D70042BF22 /* TouchRecognizerManager.swift in Sources */ = {isa = PBXBuildFile; fileRef = 03C65E252A4693D70042BF22 /* TouchRecognizerManager.swift */; };
		03C65E2B2A46B04E0042BF22 /* FrameCycleUpdateManager.swift in Sources */ = {isa = PBXBuildFile; fileRef = 03C65E2A2A46B04E0042BF22 /* FrameCycleUpdateManager.swift */; };
		03C65E2D2A46C4FA0042BF22 /* GameObjectMoveTouchEndedWorldEventHandler.swift in Sources */ = {isa = PBXBuildFile; fileRef = 03C65E2C2A46C4F90042BF22 /* GameObjectMoveTouchEndedWorldEventHandler.swift */; };
		03CE3AE52A3DEBCC00D95152 /* InventoryCoordinate.swift in Sources */ = {isa = PBXBuildFile; fileRef = 03CE3AE42A3DEBCC00D95152 /* InventoryCoordinate.swift */; };
		03CE3AEF2A3DFDD700D95152 /* ChunkCoordinateDataSource.swift in Sources */ = {isa = PBXBuildFile; fileRef = 03CE3AEE2A3DFDD700D95152 /* ChunkCoordinateDataSource.swift */; };
		03CE3AF12A3DFEA700D95152 /* LMIPersistentContainer.swift in Sources */ = {isa = PBXBuildFile; fileRef = 03CE3AF02A3DFEA700D95152 /* LMIPersistentContainer.swift */; };
		03CE3AF32A3E0DFD00D95152 /* InventoryCoordinateDataSource.swift in Sources */ = {isa = PBXBuildFile; fileRef = 03CE3AF22A3E0DFD00D95152 /* InventoryCoordinateDataSource.swift */; };
		03CE3AF52A3E26FC00D95152 /* GameObjectData.swift in Sources */ = {isa = PBXBuildFile; fileRef = 03CE3AF42A3E26FC00D95152 /* GameObjectData.swift */; };
		03D42BD92A4D5D4D00ACB90E /* PortalEventManager.swift in Sources */ = {isa = PBXBuildFile; fileRef = 03D42BD82A4D5D4D00ACB90E /* PortalEventManager.swift */; };
		03D42BDB2A4D697C00ACB90E /* Event.swift in Sources */ = {isa = PBXBuildFile; fileRef = 03D42BDA2A4D697C00ACB90E /* Event.swift */; };
		03DBB1222A3611EF00DA4E73 /* WorldViewController.swift in Sources */ = {isa = PBXBuildFile; fileRef = 03DBB1212A3611EF00DA4E73 /* WorldViewController.swift */; };
		03E755882A1D255400BF5C0F /* GameObjectType.swift in Sources */ = {isa = PBXBuildFile; fileRef = 03E755872A1D255400BF5C0F /* GameObjectType.swift */; };
		03E7558C2A1E0C5E00BF5C0F /* FieldCoordinate.swift in Sources */ = {isa = PBXBuildFile; fileRef = 03E7558B2A1E0C5E00BF5C0F /* FieldCoordinate.swift */; };
		03E755902A1F2E8900BF5C0F /* CraftWindow.swift in Sources */ = {isa = PBXBuildFile; fileRef = 03E7558F2A1F2E8900BF5C0F /* CraftWindow.swift */; };
		03EA27B02A43D798007BAF4F /* ChunkMoveEventHandler.swift in Sources */ = {isa = PBXBuildFile; fileRef = 03EA27AF2A43D798007BAF4F /* ChunkMoveEventHandler.swift */; };
		03EA27B22A43E523007BAF4F /* Queue.swift in Sources */ = {isa = PBXBuildFile; fileRef = 03EA27B12A43E523007BAF4F /* Queue.swift */; };
		03EA27B42A43F9AA007BAF4F /* Character.swift in Sources */ = {isa = PBXBuildFile; fileRef = 03EA27B32A43F9AA007BAF4F /* Character.swift */; };
		03EA27BC2A442B5D007BAF4F /* TouchBeganEventManager.swift in Sources */ = {isa = PBXBuildFile; fileRef = 03EA27BB2A442B5D007BAF4F /* TouchBeganEventManager.swift */; };
		03EA27BE2A442D1F007BAF4F /* TouchResponder.swift in Sources */ = {isa = PBXBuildFile; fileRef = 03EA27BD2A442D1F007BAF4F /* TouchResponder.swift */; };
		03F6CD2A2A553DF300403EAF /* InteractionLogic.swift in Sources */ = {isa = PBXBuildFile; fileRef = 03F6CD292A553DF300403EAF /* InteractionLogic.swift */; };
		03F6CD2D2A56955400403EAF /* GameObjectInventory.swift in Sources */ = {isa = PBXBuildFile; fileRef = 03F6CD2C2A56955400403EAF /* GameObjectInventory.swift */; };
		03F6CD2F2A57A72500403EAF /* Logics.swift in Sources */ = {isa = PBXBuildFile; fileRef = 03F6CD2E2A57A72500403EAF /* Logics.swift */; };
		03F7A2622A39E6420061E030 /* ServiceContainer.swift in Sources */ = {isa = PBXBuildFile; fileRef = 03F7A2612A39E6420061E030 /* ServiceContainer.swift */; };
		03F7A2662A39EBCC0061E030 /* WorldDirectoryUtility.swift in Sources */ = {isa = PBXBuildFile; fileRef = 03F7A2652A39EBCC0061E030 /* WorldDirectoryUtility.swift */; };
		03F7A26A2A3AFA8B0061E030 /* ChunkCoordinate.swift in Sources */ = {isa = PBXBuildFile; fileRef = 03F7A2692A3AFA8B0061E030 /* ChunkCoordinate.swift */; };
/* End PBXBuildFile section */

/* Begin PBXContainerItemProxy section */
		036FE52D2A43136C007E66A5 /* PBXContainerItemProxy */ = {
			isa = PBXContainerItemProxy;
			containerPortal = 038330962A02850A008DEA10 /* Project object */;
			proxyType = 1;
			remoteGlobalIDString = 0383309D2A02850A008DEA10;
			remoteInfo = "a month game";
		};
/* End PBXContainerItemProxy section */

/* Begin PBXFileReference section */
		030261212A3C49160050E697 /* WorldDataRepository.swift */ = {isa = PBXFileReference; lastKnownFileType = sourcecode.swift; path = WorldDataRepository.swift; sourceTree = "<group>"; };
		030261232A3C56E40050E697 /* MovingLayer.swift */ = {isa = PBXFileReference; lastKnownFileType = sourcecode.swift; path = MovingLayer.swift; sourceTree = "<group>"; };
		030261252A3C71FC0050E697 /* LMINode.swift */ = {isa = PBXFileReference; lastKnownFileType = sourcecode.swift; path = LMINode.swift; sourceTree = "<group>"; };
		030261292A3C7B590050E697 /* WorldSceneModel.swift */ = {isa = PBXFileReference; lastKnownFileType = sourcecode.swift; path = WorldSceneModel.swift; sourceTree = "<group>"; };
		0302612B2A3DBA530050E697 /* TapRecognizer.swift */ = {isa = PBXFileReference; lastKnownFileType = sourcecode.swift; path = TapRecognizer.swift; sourceTree = "<group>"; };
		0304D76A2A57ED960068DE99 /* ChunkContainerLogic.swift */ = {isa = PBXFileReference; lastKnownFileType = sourcecode.swift; path = ChunkContainerLogic.swift; sourceTree = "<group>"; };
		0304D76C2A57EE870068DE99 /* InventoryContainerLogic.swift */ = {isa = PBXFileReference; lastKnownFileType = sourcecode.swift; path = InventoryContainerLogic.swift; sourceTree = "<group>"; };
		0304D76E2A57FF1D0068DE99 /* SceneLogic.swift */ = {isa = PBXFileReference; lastKnownFileType = sourcecode.swift; path = SceneLogic.swift; sourceTree = "<group>"; };
		0304D7702A5839D20068DE99 /* CharacterLogic.swift */ = {isa = PBXFileReference; lastKnownFileType = sourcecode.swift; path = CharacterLogic.swift; sourceTree = "<group>"; };
		0304D7722A583BE20068DE99 /* AccessibleGOTrackerLogic.swift */ = {isa = PBXFileReference; lastKnownFileType = sourcecode.swift; path = AccessibleGOTrackerLogic.swift; sourceTree = "<group>"; };
		0304D7742A5954830068DE99 /* InventoryData.swift */ = {isa = PBXFileReference; lastKnownFileType = sourcecode.swift; path = InventoryData.swift; sourceTree = "<group>"; };
		030ABFB22A0BD0FC00BAB9B8 /* PortalScene.swift */ = {isa = PBXFileReference; lastKnownFileType = sourcecode.swift; path = PortalScene.swift; sourceTree = "<group>"; };
		030ABFB52A0C93AA00BAB9B8 /* TileDataSource.swift */ = {isa = PBXFileReference; lastKnownFileType = sourcecode.swift; path = TileDataSource.swift; sourceTree = "<group>"; };
		030ABFBF2A0E11FB00BAB9B8 /* GameObject.swift */ = {isa = PBXFileReference; lastKnownFileType = sourcecode.swift; path = GameObject.swift; sourceTree = "<group>"; };
		030ABFC22A0E290E00BAB9B8 /* GameModel.xcdatamodel */ = {isa = PBXFileReference; lastKnownFileType = wrapper.xcdatamodel; path = GameModel.xcdatamodel; sourceTree = "<group>"; };
		030ABFCA2A0F2E0800BAB9B8 /* GameObjectDataSource.swift */ = {isa = PBXFileReference; lastKnownFileType = sourcecode.swift; path = GameObjectDataSource.swift; sourceTree = "<group>"; };
		031AA8032A24A5D20017EFCD /* CombineSequences.swift */ = {isa = PBXFileReference; lastKnownFileType = sourcecode.swift; path = CombineSequences.swift; sourceTree = "<group>"; };
		031AA8062A24F20E0017EFCD /* LMISpriteNode.swift */ = {isa = PBXFileReference; lastKnownFileType = sourcecode.swift; path = LMISpriteNode.swift; sourceTree = "<group>"; };
		031AA80B2A25CF630017EFCD /* MenuWindow.swift */ = {isa = PBXFileReference; lastKnownFileType = sourcecode.swift; path = MenuWindow.swift; sourceTree = "<group>"; };
		031AA80D2A25CFB70017EFCD /* Button.swift */ = {isa = PBXFileReference; lastKnownFileType = sourcecode.swift; path = Button.swift; sourceTree = "<group>"; };
		031AA80F2A26155C0017EFCD /* ResetWindow.swift */ = {isa = PBXFileReference; lastKnownFileType = sourcecode.swift; path = ResetWindow.swift; sourceTree = "<group>"; };
		031D57512A06298F007EF383 /* Constant.swift */ = {isa = PBXFileReference; lastKnownFileType = sourcecode.swift; path = Constant.swift; sourceTree = "<group>"; };
		031D57552A076DC8007EF383 /* CharacterData.swift */ = {isa = PBXFileReference; lastKnownFileType = sourcecode.swift; path = CharacterData.swift; sourceTree = "<group>"; };
		03311DD12A1A3E3F0020ADB5 /* CharacterInventory.swift */ = {isa = PBXFileReference; lastKnownFileType = sourcecode.swift; path = CharacterInventory.swift; sourceTree = "<group>"; };
		033C9E602A1C2D83000E1D50 /* Inventory.swift */ = {isa = PBXFileReference; lastKnownFileType = sourcecode.swift; path = Inventory.swift; sourceTree = "<group>"; };
		033C9E622A1C2DCA000E1D50 /* FieldNode.swift */ = {isa = PBXFileReference; lastKnownFileType = sourcecode.swift; path = FieldNode.swift; sourceTree = "<group>"; };
		033D68E92A3EC088005D3CB0 /* Direction.swift */ = {isa = PBXFileReference; lastKnownFileType = sourcecode.swift; path = Direction.swift; sourceTree = "<group>"; };
		033D68EF2A3EE5DD005D3CB0 /* ChunkService.swift */ = {isa = PBXFileReference; lastKnownFileType = sourcecode.swift; path = ChunkService.swift; sourceTree = "<group>"; };
		033D68F32A3FF932005D3CB0 /* WorldViewModel.swift */ = {isa = PBXFileReference; lastKnownFileType = sourcecode.swift; path = WorldViewModel.swift; sourceTree = "<group>"; };
		033D68F52A4001DF005D3CB0 /* CharacterMovedToAnotherChunkEventHandler.swift */ = {isa = PBXFileReference; lastKnownFileType = sourcecode.swift; path = CharacterMovedToAnotherChunkEventHandler.swift; sourceTree = "<group>"; };
		033D68F72A4021DE005D3CB0 /* WorldDataDataSource.swift */ = {isa = PBXFileReference; lastKnownFileType = sourcecode.swift; path = WorldDataDataSource.swift; sourceTree = "<group>"; };
		033D68FB2A4050BD005D3CB0 /* ChunkRepository.swift */ = {isa = PBXFileReference; lastKnownFileType = sourcecode.swift; path = ChunkRepository.swift; sourceTree = "<group>"; };
		033D690A2A4146BA005D3CB0 /* TileMap.swift */ = {isa = PBXFileReference; lastKnownFileType = sourcecode.swift; path = TileMap.swift; sourceTree = "<group>"; };
		034637812A238D3600370C71 /* AccessibleGOTracker.swift */ = {isa = PBXFileReference; lastKnownFileType = sourcecode.swift; path = AccessibleGOTracker.swift; sourceTree = "<group>"; };
		0347BA712A46E67500E31FA1 /* AddressComponent.swift */ = {isa = PBXFileReference; lastKnownFileType = sourcecode.swift; path = AddressComponent.swift; sourceTree = "<group>"; };
		0347BA732A46E68500E31FA1 /* Address.swift */ = {isa = PBXFileReference; lastKnownFileType = sourcecode.swift; path = Address.swift; sourceTree = "<group>"; };
		0347BA772A481BAB00E31FA1 /* InventoryRepository.swift */ = {isa = PBXFileReference; lastKnownFileType = sourcecode.swift; path = InventoryRepository.swift; sourceTree = "<group>"; };
		0347BA792A481C4100E31FA1 /* InventoryService.swift */ = {isa = PBXFileReference; lastKnownFileType = sourcecode.swift; path = InventoryService.swift; sourceTree = "<group>"; };
		0347BA7B2A48703900E31FA1 /* InventoryContainer.swift */ = {isa = PBXFileReference; lastKnownFileType = sourcecode.swift; path = InventoryContainer.swift; sourceTree = "<group>"; };
		0347BA7D2A49BB8F00E31FA1 /* ChunkData.swift */ = {isa = PBXFileReference; lastKnownFileType = sourcecode.swift; path = ChunkData.swift; sourceTree = "<group>"; };
		034A07342A5ABC2A0034D657 /* GameObjectDataLogic.swift */ = {isa = PBXFileReference; lastKnownFileType = sourcecode.swift; path = GameObjectDataLogic.swift; sourceTree = "<group>"; };
		035393842A4AA95800594612 /* CharacterPositionUpdater.swift */ = {isa = PBXFileReference; lastKnownFileType = sourcecode.swift; path = CharacterPositionUpdater.swift; sourceTree = "<group>"; };
		036FE51F2A41A73A007E66A5 /* Chunk.swift */ = {isa = PBXFileReference; lastKnownFileType = sourcecode.swift; path = Chunk.swift; sourceTree = "<group>"; };
		036FE5212A429E8D007E66A5 /* ChunkContainer.swift */ = {isa = PBXFileReference; lastKnownFileType = sourcecode.swift; path = ChunkContainer.swift; sourceTree = "<group>"; };
		036FE5292A43136B007E66A5 /* tiny_homeTests.xctest */ = {isa = PBXFileReference; explicitFileType = wrapper.cfbundle; includeInIndex = 0; path = tiny_homeTests.xctest; sourceTree = BUILT_PRODUCTS_DIR; };
		036FE52B2A43136B007E66A5 /* tiny_homeTests.swift */ = {isa = PBXFileReference; lastKnownFileType = sourcecode.swift; path = tiny_homeTests.swift; sourceTree = "<group>"; };
		03796C002A4E7C1700462804 /* PinchRecognizer.swift */ = {isa = PBXFileReference; lastKnownFileType = sourcecode.swift; path = PinchRecognizer.swift; sourceTree = "<group>"; };
		03796C022A4EA92B00462804 /* PanRecognizer.swift */ = {isa = PBXFileReference; lastKnownFileType = sourcecode.swift; path = PanRecognizer.swift; sourceTree = "<group>"; };
		03796C052A4FC9EE00462804 /* GameObjectTouchLogic.swift */ = {isa = PBXFileReference; lastKnownFileType = sourcecode.swift; path = GameObjectTouchLogic.swift; sourceTree = "<group>"; };
		03796C072A4FCAD800462804 /* TouchLogics.swift */ = {isa = PBXFileReference; lastKnownFileType = sourcecode.swift; path = TouchLogics.swift; sourceTree = "<group>"; };
		03796C092A50083E00462804 /* FieldTouchLogic.swift */ = {isa = PBXFileReference; lastKnownFileType = sourcecode.swift; path = FieldTouchLogic.swift; sourceTree = "<group>"; };
		03796C0B2A501C6100462804 /* InventoryTouchLogic.swift */ = {isa = PBXFileReference; lastKnownFileType = sourcecode.swift; path = InventoryTouchLogic.swift; sourceTree = "<group>"; };
		03796C102A513C7D00462804 /* CraftTouchLogic.swift */ = {isa = PBXFileReference; lastKnownFileType = sourcecode.swift; path = CraftTouchLogic.swift; sourceTree = "<group>"; };
		03796C132A516AAA00462804 /* GameObjectLogic.swift */ = {isa = PBXFileReference; lastKnownFileType = sourcecode.swift; path = GameObjectLogic.swift; sourceTree = "<group>"; };
		037E3F452A1CDFEC008A50CA /* TileType.swift */ = {isa = PBXFileReference; lastKnownFileType = sourcecode.swift; path = TileType.swift; sourceTree = "<group>"; };
		0383309E2A02850A008DEA10 /* a month game.app */ = {isa = PBXFileReference; explicitFileType = wrapper.application; includeInIndex = 0; path = "a month game.app"; sourceTree = BUILT_PRODUCTS_DIR; };
		038330A12A02850A008DEA10 /* AppDelegate.swift */ = {isa = PBXFileReference; lastKnownFileType = sourcecode.swift; path = AppDelegate.swift; sourceTree = "<group>"; };
		038330A72A02850A008DEA10 /* WorldScene.swift */ = {isa = PBXFileReference; lastKnownFileType = sourcecode.swift; path = WorldScene.swift; sourceTree = "<group>"; };
		038330A92A02850A008DEA10 /* PortalViewController.swift */ = {isa = PBXFileReference; lastKnownFileType = sourcecode.swift; path = PortalViewController.swift; sourceTree = "<group>"; };
		038330AC2A02850A008DEA10 /* Base */ = {isa = PBXFileReference; lastKnownFileType = file.storyboard; name = Base; path = Base.lproj/Main.storyboard; sourceTree = "<group>"; };
		038330AE2A02850B008DEA10 /* Assets.xcassets */ = {isa = PBXFileReference; lastKnownFileType = folder.assetcatalog; path = Assets.xcassets; sourceTree = "<group>"; };
		038330B12A02850B008DEA10 /* Base */ = {isa = PBXFileReference; lastKnownFileType = file.storyboard; name = Base; path = Base.lproj/LaunchScreen.storyboard; sourceTree = "<group>"; };
		039037CA2A15FBCD0014A571 /* Extension.swift */ = {isa = PBXFileReference; lastKnownFileType = sourcecode.swift; path = Extension.swift; sourceTree = "<group>"; };
		039037CC2A17AB3E0014A571 /* Coordinate.swift */ = {isa = PBXFileReference; lastKnownFileType = sourcecode.swift; path = Coordinate.swift; sourceTree = "<group>"; };
		0392E92F2A3B3E8E001C22C4 /* WorldGenerator.swift */ = {isa = PBXFileReference; lastKnownFileType = sourcecode.swift; path = WorldGenerator.swift; sourceTree = "<group>"; };
		0392E9312A3B45B6001C22C4 /* IDGeneratorService.swift */ = {isa = PBXFileReference; lastKnownFileType = sourcecode.swift; path = IDGeneratorService.swift; sourceTree = "<group>"; };
		0392E9332A3C1ABD001C22C4 /* TileRepository.swift */ = {isa = PBXFileReference; lastKnownFileType = sourcecode.swift; path = TileRepository.swift; sourceTree = "<group>"; };
		0392E9352A3C1E94001C22C4 /* GameObjectRepository.swift */ = {isa = PBXFileReference; lastKnownFileType = sourcecode.swift; path = GameObjectRepository.swift; sourceTree = "<group>"; };
		039EEFC82A243DD900CB93C6 /* TouchContext.swift */ = {isa = PBXFileReference; lastKnownFileType = sourcecode.swift; path = TouchContext.swift; sourceTree = "<group>"; };
		03C65E162A446D310042BF22 /* CharacterMovedToAnotherTileEventHandler.swift */ = {isa = PBXFileReference; lastKnownFileType = sourcecode.swift; path = CharacterMovedToAnotherTileEventHandler.swift; sourceTree = "<group>"; };
		03C65E192A446FA10042BF22 /* WorldEventManager.swift */ = {isa = PBXFileReference; lastKnownFileType = sourcecode.swift; path = WorldEventManager.swift; sourceTree = "<group>"; };
		03C65E1F2A45631C0042BF22 /* CharacterMovedEventHandler.swift */ = {isa = PBXFileReference; lastKnownFileType = sourcecode.swift; path = CharacterMovedEventHandler.swift; sourceTree = "<group>"; };
		03C65E212A45D32D0042BF22 /* GameObjectMoveTouchEventHandler.swift */ = {isa = PBXFileReference; lastKnownFileType = sourcecode.swift; path = GameObjectMoveTouchEventHandler.swift; sourceTree = "<group>"; };
		03C65E232A46878E0042BF22 /* AccessableGOTrackerRemoveEventHandler.swift */ = {isa = PBXFileReference; lastKnownFileType = sourcecode.swift; path = AccessableGOTrackerRemoveEventHandler.swift; sourceTree = "<group>"; };
		03C65E252A4693D70042BF22 /* TouchRecognizerManager.swift */ = {isa = PBXFileReference; lastKnownFileType = sourcecode.swift; path = TouchRecognizerManager.swift; sourceTree = "<group>"; };
		03C65E2A2A46B04E0042BF22 /* FrameCycleUpdateManager.swift */ = {isa = PBXFileReference; lastKnownFileType = sourcecode.swift; path = FrameCycleUpdateManager.swift; sourceTree = "<group>"; };
		03C65E2C2A46C4F90042BF22 /* GameObjectMoveTouchEndedWorldEventHandler.swift */ = {isa = PBXFileReference; lastKnownFileType = sourcecode.swift; path = GameObjectMoveTouchEndedWorldEventHandler.swift; sourceTree = "<group>"; };
		03CE3AE42A3DEBCC00D95152 /* InventoryCoordinate.swift */ = {isa = PBXFileReference; lastKnownFileType = sourcecode.swift; path = InventoryCoordinate.swift; sourceTree = "<group>"; };
		03CE3AEE2A3DFDD700D95152 /* ChunkCoordinateDataSource.swift */ = {isa = PBXFileReference; lastKnownFileType = sourcecode.swift; path = ChunkCoordinateDataSource.swift; sourceTree = "<group>"; };
		03CE3AF02A3DFEA700D95152 /* LMIPersistentContainer.swift */ = {isa = PBXFileReference; lastKnownFileType = sourcecode.swift; path = LMIPersistentContainer.swift; sourceTree = "<group>"; };
		03CE3AF22A3E0DFD00D95152 /* InventoryCoordinateDataSource.swift */ = {isa = PBXFileReference; lastKnownFileType = sourcecode.swift; path = InventoryCoordinateDataSource.swift; sourceTree = "<group>"; };
		03CE3AF42A3E26FC00D95152 /* GameObjectData.swift */ = {isa = PBXFileReference; lastKnownFileType = sourcecode.swift; path = GameObjectData.swift; sourceTree = "<group>"; };
		03D42BD82A4D5D4D00ACB90E /* PortalEventManager.swift */ = {isa = PBXFileReference; lastKnownFileType = sourcecode.swift; path = PortalEventManager.swift; sourceTree = "<group>"; };
		03D42BDA2A4D697C00ACB90E /* Event.swift */ = {isa = PBXFileReference; lastKnownFileType = sourcecode.swift; path = Event.swift; sourceTree = "<group>"; };
		03DBB1212A3611EF00DA4E73 /* WorldViewController.swift */ = {isa = PBXFileReference; lastKnownFileType = sourcecode.swift; path = WorldViewController.swift; sourceTree = "<group>"; };
		03E755872A1D255400BF5C0F /* GameObjectType.swift */ = {isa = PBXFileReference; lastKnownFileType = sourcecode.swift; path = GameObjectType.swift; sourceTree = "<group>"; };
		03E7558B2A1E0C5E00BF5C0F /* FieldCoordinate.swift */ = {isa = PBXFileReference; lastKnownFileType = sourcecode.swift; path = FieldCoordinate.swift; sourceTree = "<group>"; };
		03E7558F2A1F2E8900BF5C0F /* CraftWindow.swift */ = {isa = PBXFileReference; lastKnownFileType = sourcecode.swift; path = CraftWindow.swift; sourceTree = "<group>"; };
		03EA27AF2A43D798007BAF4F /* ChunkMoveEventHandler.swift */ = {isa = PBXFileReference; lastKnownFileType = sourcecode.swift; path = ChunkMoveEventHandler.swift; sourceTree = "<group>"; };
		03EA27B12A43E523007BAF4F /* Queue.swift */ = {isa = PBXFileReference; lastKnownFileType = sourcecode.swift; path = Queue.swift; sourceTree = "<group>"; };
		03EA27B32A43F9AA007BAF4F /* Character.swift */ = {isa = PBXFileReference; lastKnownFileType = sourcecode.swift; path = Character.swift; sourceTree = "<group>"; };
		03EA27BB2A442B5D007BAF4F /* TouchBeganEventManager.swift */ = {isa = PBXFileReference; lastKnownFileType = sourcecode.swift; path = TouchBeganEventManager.swift; sourceTree = "<group>"; };
		03EA27BD2A442D1F007BAF4F /* TouchResponder.swift */ = {isa = PBXFileReference; lastKnownFileType = sourcecode.swift; path = TouchResponder.swift; sourceTree = "<group>"; };
		03F6CD292A553DF300403EAF /* InteractionLogic.swift */ = {isa = PBXFileReference; lastKnownFileType = sourcecode.swift; path = InteractionLogic.swift; sourceTree = "<group>"; };
		03F6CD2C2A56955400403EAF /* GameObjectInventory.swift */ = {isa = PBXFileReference; lastKnownFileType = sourcecode.swift; path = GameObjectInventory.swift; sourceTree = "<group>"; };
		03F6CD2E2A57A72500403EAF /* Logics.swift */ = {isa = PBXFileReference; lastKnownFileType = sourcecode.swift; path = Logics.swift; sourceTree = "<group>"; };
		03F7A2612A39E6420061E030 /* ServiceContainer.swift */ = {isa = PBXFileReference; lastKnownFileType = sourcecode.swift; path = ServiceContainer.swift; sourceTree = "<group>"; };
		03F7A2652A39EBCC0061E030 /* WorldDirectoryUtility.swift */ = {isa = PBXFileReference; lastKnownFileType = sourcecode.swift; path = WorldDirectoryUtility.swift; sourceTree = "<group>"; };
		03F7A2692A3AFA8B0061E030 /* ChunkCoordinate.swift */ = {isa = PBXFileReference; lastKnownFileType = sourcecode.swift; path = ChunkCoordinate.swift; sourceTree = "<group>"; };
/* End PBXFileReference section */

/* Begin PBXFrameworksBuildPhase section */
		036FE5262A43136B007E66A5 /* Frameworks */ = {
			isa = PBXFrameworksBuildPhase;
			buildActionMask = 2147483647;
			files = (
			);
			runOnlyForDeploymentPostprocessing = 0;
		};
		0383309B2A02850A008DEA10 /* Frameworks */ = {
			isa = PBXFrameworksBuildPhase;
			buildActionMask = 2147483647;
			files = (
			);
			runOnlyForDeploymentPostprocessing = 0;
		};
/* End PBXFrameworksBuildPhase section */

/* Begin PBXGroup section */
		030ABFAB2A0BCC3A00BAB9B8 /* World */ = {
			isa = PBXGroup;
			children = (
				03C65E282A46950D0042BF22 /* Global */,
				03DBB1212A3611EF00DA4E73 /* WorldViewController.swift */,
				031D57602A07C849007EF383 /* View */,
				031D575A2A07C232007EF383 /* Model */,
			);
			path = World;
			sourceTree = "<group>";
		};
		030ABFAC2A0BCC4C00BAB9B8 /* Portal */ = {
			isa = PBXGroup;
			children = (
				03D42BD72A4D5D3700ACB90E /* Global */,
				038330A92A02850A008DEA10 /* PortalViewController.swift */,
				030ABFAE2A0BCDF900BAB9B8 /* View */,
			);
			path = Portal;
			sourceTree = "<group>";
		};
		030ABFAE2A0BCDF900BAB9B8 /* View */ = {
			isa = PBXGroup;
			children = (
				030ABFB22A0BD0FC00BAB9B8 /* PortalScene.swift */,
				031AA80F2A26155C0017EFCD /* ResetWindow.swift */,
			);
			path = View;
			sourceTree = "<group>";
		};
		030ABFCE2A10C6FF00BAB9B8 /* Repository */ = {
			isa = PBXGroup;
			children = (
				030261212A3C49160050E697 /* WorldDataRepository.swift */,
				0392E9352A3C1E94001C22C4 /* GameObjectRepository.swift */,
				033D68FB2A4050BD005D3CB0 /* ChunkRepository.swift */,
				0347BA772A481BAB00E31FA1 /* InventoryRepository.swift */,
				03CE3AF02A3DFEA700D95152 /* LMIPersistentContainer.swift */,
				033D68FF2A413B14005D3CB0 /* DataSource */,
			);
			path = Repository;
			sourceTree = "<group>";
		};
		031D575A2A07C232007EF383 /* Model */ = {
			isa = PBXGroup;
			children = (
				034637812A238D3600370C71 /* AccessibleGOTracker.swift */,
				031D57552A076DC8007EF383 /* CharacterData.swift */,
				0347BA7D2A49BB8F00E31FA1 /* ChunkData.swift */,
				0304D7742A5954830068DE99 /* InventoryData.swift */,
				03CE3AF42A3E26FC00D95152 /* GameObjectData.swift */,
			);
			path = Model;
			sourceTree = "<group>";
		};
		031D57602A07C849007EF383 /* View */ = {
			isa = PBXGroup;
			children = (
				038330A72A02850A008DEA10 /* WorldScene.swift */,
				03796C042A4FC6A200462804 /* TouchRecognizer */,
				03796C0D2A503C8600462804 /* Updater */,
				031AA80B2A25CF630017EFCD /* MenuWindow.swift */,
				030ABFBF2A0E11FB00BAB9B8 /* GameObject.swift */,
				03EA27B32A43F9AA007BAF4F /* Character.swift */,
				030261232A3C56E40050E697 /* MovingLayer.swift */,
				0347BA752A47DD7900E31FA1 /* Inventory */,
				039EEFCD2A24586C00CB93C6 /* CraftWindow */,
			);
			path = View;
			sourceTree = "<group>";
		};
		033D68FE2A413AD7005D3CB0 /* Model */ = {
			isa = PBXGroup;
			children = (
				0392E92F2A3B3E8E001C22C4 /* WorldGenerator.swift */,
				033D68EF2A3EE5DD005D3CB0 /* ChunkService.swift */,
				0347BA792A481C4100E31FA1 /* InventoryService.swift */,
				0392E9312A3B45B6001C22C4 /* IDGeneratorService.swift */,
				03C65E272A4694310042BF22 /* Singleton */,
				030ABFCE2A10C6FF00BAB9B8 /* Repository */,
			);
			path = Model;
			sourceTree = "<group>";
		};
		033D68FF2A413B14005D3CB0 /* DataSource */ = {
			isa = PBXGroup;
			children = (
				030ABFCA2A0F2E0800BAB9B8 /* GameObjectDataSource.swift */,
				03CE3AEE2A3DFDD700D95152 /* ChunkCoordinateDataSource.swift */,
				03CE3AF22A3E0DFD00D95152 /* InventoryCoordinateDataSource.swift */,
				033D68F72A4021DE005D3CB0 /* WorldDataDataSource.swift */,
			);
			path = DataSource;
			sourceTree = "<group>";
		};
		033D69012A413C38005D3CB0 /* Unit */ = {
			isa = PBXGroup;
			children = (
				033D69072A4142D0005D3CB0 /* Abstract */,
				033D69062A413F42005D3CB0 /* Enum */,
				033D69022A413C3E005D3CB0 /* Coordinate */,
			);
			path = Unit;
			sourceTree = "<group>";
		};
		033D69022A413C3E005D3CB0 /* Coordinate */ = {
			isa = PBXGroup;
			children = (
				03E7558B2A1E0C5E00BF5C0F /* FieldCoordinate.swift */,
				03CE3AE42A3DEBCC00D95152 /* InventoryCoordinate.swift */,
				039037CC2A17AB3E0014A571 /* Coordinate.swift */,
				03F7A2692A3AFA8B0061E030 /* ChunkCoordinate.swift */,
				0347BA732A46E68500E31FA1 /* Address.swift */,
				0347BA712A46E67500E31FA1 /* AddressComponent.swift */,
			);
			path = Coordinate;
			sourceTree = "<group>";
		};
		033D69042A413D92005D3CB0 /* ViewController */ = {
			isa = PBXGroup;
			children = (
				038330B02A02850B008DEA10 /* LaunchScreen.storyboard */,
				038330AB2A02850A008DEA10 /* Main.storyboard */,
				030ABFAC2A0BCC4C00BAB9B8 /* Portal */,
				030ABFAB2A0BCC3A00BAB9B8 /* World */,
			);
			path = ViewController;
			sourceTree = "<group>";
		};
		033D69052A413EC5005D3CB0 /* Resource */ = {
			isa = PBXGroup;
			children = (
				031D57512A06298F007EF383 /* Constant.swift */,
				038330AE2A02850B008DEA10 /* Assets.xcassets */,
				030ABFC12A0E290E00BAB9B8 /* WorldDataModel.xcdatamodeld */,
			);
			path = Resource;
			sourceTree = "<group>";
		};
		033D69062A413F42005D3CB0 /* Enum */ = {
			isa = PBXGroup;
			children = (
				033D68E92A3EC088005D3CB0 /* Direction.swift */,
				03E755872A1D255400BF5C0F /* GameObjectType.swift */,
			);
			path = Enum;
			sourceTree = "<group>";
		};
		033D69072A4142D0005D3CB0 /* Abstract */ = {
			isa = PBXGroup;
			children = (
				031AA8032A24A5D20017EFCD /* CombineSequences.swift */,
				031AA80D2A25CFB70017EFCD /* Button.swift */,
				03D42BDA2A4D697C00ACB90E /* Event.swift */,
				03EA27BD2A442D1F007BAF4F /* TouchResponder.swift */,
				03EA27B12A43E523007BAF4F /* Queue.swift */,
			);
			path = Abstract;
			sourceTree = "<group>";
		};
		033D69092A41447C005D3CB0 /* Deprecated */ = {
			isa = PBXGroup;
			children = (
				03C65E212A45D32D0042BF22 /* GameObjectMoveTouchEventHandler.swift */,
				031AA8062A24F20E0017EFCD /* LMISpriteNode.swift */,
				030261252A3C71FC0050E697 /* LMINode.swift */,
				03C65E2C2A46C4F90042BF22 /* GameObjectMoveTouchEndedWorldEventHandler.swift */,
				03EA27BB2A442B5D007BAF4F /* TouchBeganEventManager.swift */,
				033D68F32A3FF932005D3CB0 /* WorldViewModel.swift */,
				03C65E232A46878E0042BF22 /* AccessableGOTrackerRemoveEventHandler.swift */,
				03C65E1F2A45631C0042BF22 /* CharacterMovedEventHandler.swift */,
				033D68F52A4001DF005D3CB0 /* CharacterMovedToAnotherChunkEventHandler.swift */,
				03C65E162A446D310042BF22 /* CharacterMovedToAnotherTileEventHandler.swift */,
				03EA27AF2A43D798007BAF4F /* ChunkMoveEventHandler.swift */,
				039EEFC82A243DD900CB93C6 /* TouchContext.swift */,
				033C9E622A1C2DCA000E1D50 /* FieldNode.swift */,
				030261292A3C7B590050E697 /* WorldSceneModel.swift */,
				030ABFB52A0C93AA00BAB9B8 /* TileDataSource.swift */,
				0392E9332A3C1ABD001C22C4 /* TileRepository.swift */,
				037E3F452A1CDFEC008A50CA /* TileType.swift */,
				033D690A2A4146BA005D3CB0 /* TileMap.swift */,
			);
			path = Deprecated;
			sourceTree = "<group>";
		};
		0347BA752A47DD7900E31FA1 /* Inventory */ = {
			isa = PBXGroup;
			children = (
				036FE5212A429E8D007E66A5 /* ChunkContainer.swift */,
				036FE51F2A41A73A007E66A5 /* Chunk.swift */,
				0347BA7B2A48703900E31FA1 /* InventoryContainer.swift */,
				03311DD12A1A3E3F0020ADB5 /* CharacterInventory.swift */,
				03F6CD2C2A56955400403EAF /* GameObjectInventory.swift */,
				033C9E602A1C2D83000E1D50 /* Inventory.swift */,
			);
			path = Inventory;
			sourceTree = "<group>";
		};
		036FE52A2A43136B007E66A5 /* tiny_homeTests */ = {
			isa = PBXGroup;
			children = (
				036FE52B2A43136B007E66A5 /* tiny_homeTests.swift */,
			);
			path = tiny_homeTests;
			sourceTree = "<group>";
		};
		03796C042A4FC6A200462804 /* TouchRecognizer */ = {
			isa = PBXGroup;
			children = (
				0302612B2A3DBA530050E697 /* TapRecognizer.swift */,
				03796C022A4EA92B00462804 /* PanRecognizer.swift */,
				03796C002A4E7C1700462804 /* PinchRecognizer.swift */,
			);
			path = TouchRecognizer;
			sourceTree = "<group>";
		};
		03796C0D2A503C8600462804 /* Updater */ = {
			isa = PBXGroup;
			children = (
				035393842A4AA95800594612 /* CharacterPositionUpdater.swift */,
			);
			path = Updater;
			sourceTree = "<group>";
		};
		038330952A02850A008DEA10 = {
			isa = PBXGroup;
			children = (
				038330A02A02850A008DEA10 /* a month game */,
				033D69092A41447C005D3CB0 /* Deprecated */,
				036FE52A2A43136B007E66A5 /* tiny_homeTests */,
				0383309F2A02850A008DEA10 /* Products */,
			);
			sourceTree = "<group>";
		};
		0383309F2A02850A008DEA10 /* Products */ = {
			isa = PBXGroup;
			children = (
				0383309E2A02850A008DEA10 /* a month game.app */,
				036FE5292A43136B007E66A5 /* tiny_homeTests.xctest */,
			);
			name = Products;
			sourceTree = "<group>";
		};
		038330A02A02850A008DEA10 /* a month game */ = {
			isa = PBXGroup;
			children = (
				038330A12A02850A008DEA10 /* AppDelegate.swift */,
				033D69042A413D92005D3CB0 /* ViewController */,
				033D68FE2A413AD7005D3CB0 /* Model */,
				033D69012A413C38005D3CB0 /* Unit */,
				033D69052A413EC5005D3CB0 /* Resource */,
				039037C72A14FCC20014A571 /* Helper */,
			);
			path = "a month game";
			sourceTree = "<group>";
		};
		039037C72A14FCC20014A571 /* Helper */ = {
			isa = PBXGroup;
			children = (
				039037CA2A15FBCD0014A571 /* Extension.swift */,
			);
			path = Helper;
			sourceTree = "<group>";
		};
		039EEFCD2A24586C00CB93C6 /* CraftWindow */ = {
			isa = PBXGroup;
			children = (
				03E7558F2A1F2E8900BF5C0F /* CraftWindow.swift */,
			);
			path = CraftWindow;
			sourceTree = "<group>";
		};
		03C65E272A4694310042BF22 /* Singleton */ = {
			isa = PBXGroup;
			children = (
				03F7A2652A39EBCC0061E030 /* WorldDirectoryUtility.swift */,
			);
			path = Singleton;
			sourceTree = "<group>";
		};
		03C65E282A46950D0042BF22 /* Global */ = {
			isa = PBXGroup;
			children = (
				03F7A2612A39E6420061E030 /* ServiceContainer.swift */,
				03C65E252A4693D70042BF22 /* TouchRecognizerManager.swift */,
				03C65E192A446FA10042BF22 /* WorldEventManager.swift */,
				03C65E2A2A46B04E0042BF22 /* FrameCycleUpdateManager.swift */,
				03F6CD322A57AA4800403EAF /* Logic */,
			);
			path = Global;
			sourceTree = "<group>";
		};
		03D42BD72A4D5D3700ACB90E /* Global */ = {
			isa = PBXGroup;
			children = (
				03D42BD82A4D5D4D00ACB90E /* PortalEventManager.swift */,
			);
			path = Global;
			sourceTree = "<group>";
		};
		03F6CD2B2A55495A00403EAF /* TouchLogic */ = {
			isa = PBXGroup;
			children = (
				03796C072A4FCAD800462804 /* TouchLogics.swift */,
				03796C052A4FC9EE00462804 /* GameObjectTouchLogic.swift */,
				03796C092A50083E00462804 /* FieldTouchLogic.swift */,
				03796C0B2A501C6100462804 /* InventoryTouchLogic.swift */,
				03796C102A513C7D00462804 /* CraftTouchLogic.swift */,
			);
			path = TouchLogic;
			sourceTree = "<group>";
		};
		03F6CD322A57AA4800403EAF /* Logic */ = {
			isa = PBXGroup;
			children = (
				03F6CD2E2A57A72500403EAF /* Logics.swift */,
				03F6CD2B2A55495A00403EAF /* TouchLogic */,
				0304D76E2A57FF1D0068DE99 /* SceneLogic.swift */,
				0304D76C2A57EE870068DE99 /* InventoryContainerLogic.swift */,
				0304D76A2A57ED960068DE99 /* ChunkContainerLogic.swift */,
				03796C132A516AAA00462804 /* GameObjectLogic.swift */,
				034A07342A5ABC2A0034D657 /* GameObjectDataLogic.swift */,
				0304D7722A583BE20068DE99 /* AccessibleGOTrackerLogic.swift */,
				0304D7702A5839D20068DE99 /* CharacterLogic.swift */,
				03F6CD292A553DF300403EAF /* InteractionLogic.swift */,
			);
			path = Logic;
			sourceTree = "<group>";
		};
/* End PBXGroup section */

/* Begin PBXNativeTarget section */
		036FE5282A43136B007E66A5 /* tiny_homeTests */ = {
			isa = PBXNativeTarget;
			buildConfigurationList = 036FE52F2A43136C007E66A5 /* Build configuration list for PBXNativeTarget "tiny_homeTests" */;
			buildPhases = (
				036FE5252A43136B007E66A5 /* Sources */,
				036FE5262A43136B007E66A5 /* Frameworks */,
				036FE5272A43136B007E66A5 /* Resources */,
			);
			buildRules = (
			);
			dependencies = (
				036FE52E2A43136C007E66A5 /* PBXTargetDependency */,
			);
			name = tiny_homeTests;
			productName = tiny_homeTests;
			productReference = 036FE5292A43136B007E66A5 /* tiny_homeTests.xctest */;
			productType = "com.apple.product-type.bundle.unit-test";
		};
		0383309D2A02850A008DEA10 /* a month game */ = {
			isa = PBXNativeTarget;
			buildConfigurationList = 038330B52A02850B008DEA10 /* Build configuration list for PBXNativeTarget "a month game" */;
			buildPhases = (
				0383309A2A02850A008DEA10 /* Sources */,
				0383309B2A02850A008DEA10 /* Frameworks */,
				0383309C2A02850A008DEA10 /* Resources */,
			);
			buildRules = (
			);
			dependencies = (
			);
			name = "a month game";
			productName = "a month game";
			productReference = 0383309E2A02850A008DEA10 /* a month game.app */;
			productType = "com.apple.product-type.application";
		};
/* End PBXNativeTarget section */

/* Begin PBXProject section */
		038330962A02850A008DEA10 /* Project object */ = {
			isa = PBXProject;
			attributes = {
				BuildIndependentTargetsInParallel = 1;
				LastSwiftUpdateCheck = 1430;
				LastUpgradeCheck = 1430;
				TargetAttributes = {
					036FE5282A43136B007E66A5 = {
						CreatedOnToolsVersion = 14.3.1;
						TestTargetID = 0383309D2A02850A008DEA10;
					};
					0383309D2A02850A008DEA10 = {
						CreatedOnToolsVersion = 14.3;
					};
				};
			};
			buildConfigurationList = 038330992A02850A008DEA10 /* Build configuration list for PBXProject "a month game" */;
			compatibilityVersion = "Xcode 14.0";
			developmentRegion = en;
			hasScannedForEncodings = 0;
			knownRegions = (
				en,
				Base,
			);
			mainGroup = 038330952A02850A008DEA10;
			productRefGroup = 0383309F2A02850A008DEA10 /* Products */;
			projectDirPath = "";
			projectRoot = "";
			targets = (
				0383309D2A02850A008DEA10 /* a month game */,
				036FE5282A43136B007E66A5 /* tiny_homeTests */,
			);
		};
/* End PBXProject section */

/* Begin PBXResourcesBuildPhase section */
		036FE5272A43136B007E66A5 /* Resources */ = {
			isa = PBXResourcesBuildPhase;
			buildActionMask = 2147483647;
			files = (
			);
			runOnlyForDeploymentPostprocessing = 0;
		};
		0383309C2A02850A008DEA10 /* Resources */ = {
			isa = PBXResourcesBuildPhase;
			buildActionMask = 2147483647;
			files = (
				038330AD2A02850A008DEA10 /* Main.storyboard in Resources */,
				038330AF2A02850B008DEA10 /* Assets.xcassets in Resources */,
				038330B22A02850B008DEA10 /* LaunchScreen.storyboard in Resources */,
			);
			runOnlyForDeploymentPostprocessing = 0;
		};
/* End PBXResourcesBuildPhase section */

/* Begin PBXSourcesBuildPhase section */
		036FE5252A43136B007E66A5 /* Sources */ = {
			isa = PBXSourcesBuildPhase;
			buildActionMask = 2147483647;
			files = (
				036FE52C2A43136B007E66A5 /* tiny_homeTests.swift in Sources */,
			);
			runOnlyForDeploymentPostprocessing = 0;
		};
		0383309A2A02850A008DEA10 /* Sources */ = {
			isa = PBXSourcesBuildPhase;
			buildActionMask = 2147483647;
			files = (
				03F6CD2F2A57A72500403EAF /* Logics.swift in Sources */,
				03F6CD2A2A553DF300403EAF /* InteractionLogic.swift in Sources */,
				033D68F42A3FF932005D3CB0 /* WorldViewModel.swift in Sources */,
				03CE3AEF2A3DFDD700D95152 /* ChunkCoordinateDataSource.swift in Sources */,
				03C65E242A46878E0042BF22 /* AccessableGOTrackerRemoveEventHandler.swift in Sources */,
				0347BA7A2A481C4100E31FA1 /* InventoryService.swift in Sources */,
				03C65E222A45D32D0042BF22 /* GameObjectMoveTouchEventHandler.swift in Sources */,
				03311DD22A1A3E3F0020ADB5 /* CharacterInventory.swift in Sources */,
				03DBB1222A3611EF00DA4E73 /* WorldViewController.swift in Sources */,
				03F7A26A2A3AFA8B0061E030 /* ChunkCoordinate.swift in Sources */,
				0392E9322A3B45B6001C22C4 /* IDGeneratorService.swift in Sources */,
				030ABFB62A0C93AA00BAB9B8 /* TileDataSource.swift in Sources */,
				038330A82A02850A008DEA10 /* WorldScene.swift in Sources */,
				03EA27B42A43F9AA007BAF4F /* Character.swift in Sources */,
				03EA27B02A43D798007BAF4F /* ChunkMoveEventHandler.swift in Sources */,
				031AA8102A26155C0017EFCD /* ResetWindow.swift in Sources */,
				03E7558C2A1E0C5E00BF5C0F /* FieldCoordinate.swift in Sources */,
				036FE5222A429E8D007E66A5 /* ChunkContainer.swift in Sources */,
				0302612A2A3C7B590050E697 /* WorldSceneModel.swift in Sources */,
				0347BA782A481BAB00E31FA1 /* InventoryRepository.swift in Sources */,
				03796C062A4FC9EE00462804 /* GameObjectTouchLogic.swift in Sources */,
				03F7A2622A39E6420061E030 /* ServiceContainer.swift in Sources */,
				0302612C2A3DBA530050E697 /* TapRecognizer.swift in Sources */,
				03F6CD2D2A56955400403EAF /* GameObjectInventory.swift in Sources */,
				030261242A3C56E40050E697 /* MovingLayer.swift in Sources */,
				03E755882A1D255400BF5C0F /* GameObjectType.swift in Sources */,
				03C65E202A45631C0042BF22 /* CharacterMovedEventHandler.swift in Sources */,
				033C9E632A1C2DCA000E1D50 /* FieldNode.swift in Sources */,
				039EEFC92A243DD900CB93C6 /* TouchContext.swift in Sources */,
				0304D7712A5839D20068DE99 /* CharacterLogic.swift in Sources */,
				030261222A3C49160050E697 /* WorldDataRepository.swift in Sources */,
				0347BA7C2A48703900E31FA1 /* InventoryContainer.swift in Sources */,
				03CE3AF12A3DFEA700D95152 /* LMIPersistentContainer.swift in Sources */,
				030ABFC32A0E290E00BAB9B8 /* WorldDataModel.xcdatamodeld in Sources */,
				030ABFB32A0BD0FC00BAB9B8 /* PortalScene.swift in Sources */,
				03D42BD92A4D5D4D00ACB90E /* PortalEventManager.swift in Sources */,
				039037CD2A17AB3E0014A571 /* Coordinate.swift in Sources */,
				0347BA742A46E68500E31FA1 /* Address.swift in Sources */,
				03F7A2662A39EBCC0061E030 /* WorldDirectoryUtility.swift in Sources */,
				0304D76F2A57FF1D0068DE99 /* SceneLogic.swift in Sources */,
				0392E9362A3C1E94001C22C4 /* GameObjectRepository.swift in Sources */,
				03796C142A516AAA00462804 /* GameObjectLogic.swift in Sources */,
				033D68F62A4001DF005D3CB0 /* CharacterMovedToAnotherChunkEventHandler.swift in Sources */,
				038330AA2A02850A008DEA10 /* PortalViewController.swift in Sources */,
				031AA8042A24A5D20017EFCD /* CombineSequences.swift in Sources */,
				03C65E2B2A46B04E0042BF22 /* FrameCycleUpdateManager.swift in Sources */,
				030ABFCB2A0F2E0800BAB9B8 /* GameObjectDataSource.swift in Sources */,
				0304D76B2A57ED960068DE99 /* ChunkContainerLogic.swift in Sources */,
				03C65E1A2A446FA10042BF22 /* WorldEventManager.swift in Sources */,
				0392E9342A3C1ABD001C22C4 /* TileRepository.swift in Sources */,
				0304D7752A5954830068DE99 /* InventoryData.swift in Sources */,
				034A07352A5ABC2A0034D657 /* GameObjectDataLogic.swift in Sources */,
				03796C012A4E7C1700462804 /* PinchRecognizer.swift in Sources */,
				03EA27BE2A442D1F007BAF4F /* TouchResponder.swift in Sources */,
				033D68FC2A4050BE005D3CB0 /* ChunkRepository.swift in Sources */,
				030ABFC02A0E11FB00BAB9B8 /* GameObject.swift in Sources */,
				0304D7732A583BE20068DE99 /* AccessibleGOTrackerLogic.swift in Sources */,
				0347BA7E2A49BB8F00E31FA1 /* ChunkData.swift in Sources */,
				039037CB2A15FBCD0014A571 /* Extension.swift in Sources */,
				03CE3AF32A3E0DFD00D95152 /* InventoryCoordinateDataSource.swift in Sources */,
				034637822A238D3600370C71 /* AccessibleGOTracker.swift in Sources */,
				030261262A3C71FC0050E697 /* LMINode.swift in Sources */,
				033C9E612A1C2D83000E1D50 /* Inventory.swift in Sources */,
				03CE3AE52A3DEBCC00D95152 /* InventoryCoordinate.swift in Sources */,
				033D68F82A4021DE005D3CB0 /* WorldDataDataSource.swift in Sources */,
				03796C032A4EA92B00462804 /* PanRecognizer.swift in Sources */,
				035393852A4AA95800594612 /* CharacterPositionUpdater.swift in Sources */,
				03CE3AF52A3E26FC00D95152 /* GameObjectData.swift in Sources */,
				036FE5202A41A73A007E66A5 /* Chunk.swift in Sources */,
				031AA80C2A25CF630017EFCD /* MenuWindow.swift in Sources */,
				033D690B2A4146BA005D3CB0 /* TileMap.swift in Sources */,
				03796C0A2A50083E00462804 /* FieldTouchLogic.swift in Sources */,
				0304D76D2A57EE870068DE99 /* InventoryContainerLogic.swift in Sources */,
				038330A22A02850A008DEA10 /* AppDelegate.swift in Sources */,
				037E3F462A1CDFEC008A50CA /* TileType.swift in Sources */,
				031D57562A076DC8007EF383 /* CharacterData.swift in Sources */,
				033D68F02A3EE5DD005D3CB0 /* ChunkService.swift in Sources */,
				03D42BDB2A4D697C00ACB90E /* Event.swift in Sources */,
				03796C0C2A501C6100462804 /* InventoryTouchLogic.swift in Sources */,
				03C65E2D2A46C4FA0042BF22 /* GameObjectMoveTouchEndedWorldEventHandler.swift in Sources */,
				03796C112A513C7D00462804 /* CraftTouchLogic.swift in Sources */,
				0392E9302A3B3E8E001C22C4 /* WorldGenerator.swift in Sources */,
				03C65E262A4693D70042BF22 /* TouchRecognizerManager.swift in Sources */,
				0347BA722A46E67500E31FA1 /* AddressComponent.swift in Sources */,
				031AA8072A24F20E0017EFCD /* LMISpriteNode.swift in Sources */,
				031D57522A06298F007EF383 /* Constant.swift in Sources */,
				03EA27B22A43E523007BAF4F /* Queue.swift in Sources */,
				033D68EA2A3EC088005D3CB0 /* Direction.swift in Sources */,
				03796C082A4FCAD800462804 /* TouchLogics.swift in Sources */,
				03EA27BC2A442B5D007BAF4F /* TouchBeganEventManager.swift in Sources */,
				03C65E172A446D310042BF22 /* CharacterMovedToAnotherTileEventHandler.swift in Sources */,
				03E755902A1F2E8900BF5C0F /* CraftWindow.swift in Sources */,
				031AA80E2A25CFB70017EFCD /* Button.swift in Sources */,
			);
			runOnlyForDeploymentPostprocessing = 0;
		};
/* End PBXSourcesBuildPhase section */

/* Begin PBXTargetDependency section */
		036FE52E2A43136C007E66A5 /* PBXTargetDependency */ = {
			isa = PBXTargetDependency;
			target = 0383309D2A02850A008DEA10 /* a month game */;
			targetProxy = 036FE52D2A43136C007E66A5 /* PBXContainerItemProxy */;
		};
/* End PBXTargetDependency section */

/* Begin PBXVariantGroup section */
		038330AB2A02850A008DEA10 /* Main.storyboard */ = {
			isa = PBXVariantGroup;
			children = (
				038330AC2A02850A008DEA10 /* Base */,
			);
			name = Main.storyboard;
			sourceTree = "<group>";
		};
		038330B02A02850B008DEA10 /* LaunchScreen.storyboard */ = {
			isa = PBXVariantGroup;
			children = (
				038330B12A02850B008DEA10 /* Base */,
			);
			name = LaunchScreen.storyboard;
			sourceTree = "<group>";
		};
/* End PBXVariantGroup section */

/* Begin XCBuildConfiguration section */
		036FE5302A43136C007E66A5 /* Debug */ = {
			isa = XCBuildConfiguration;
			buildSettings = {
				BUNDLE_LOADER = "$(TEST_HOST)";
				CODE_SIGN_STYLE = Automatic;
				CURRENT_PROJECT_VERSION = 1;
				DEVELOPMENT_TEAM = U574U2FQ3E;
				GENERATE_INFOPLIST_FILE = YES;
				MARKETING_VERSION = 1.0;
				PRODUCT_BUNDLE_IDENTIFIER = "LMI.tiny-homeTests";
				PRODUCT_NAME = "$(TARGET_NAME)";
				SWIFT_EMIT_LOC_STRINGS = NO;
				SWIFT_VERSION = 5.0;
				TARGETED_DEVICE_FAMILY = "1,2";
				TEST_HOST = "$(BUILT_PRODUCTS_DIR)/a month game.app/$(BUNDLE_EXECUTABLE_FOLDER_PATH)/a month game";
			};
			name = Debug;
		};
		036FE5312A43136C007E66A5 /* Release */ = {
			isa = XCBuildConfiguration;
			buildSettings = {
				BUNDLE_LOADER = "$(TEST_HOST)";
				CODE_SIGN_STYLE = Automatic;
				CURRENT_PROJECT_VERSION = 1;
				DEVELOPMENT_TEAM = U574U2FQ3E;
				GENERATE_INFOPLIST_FILE = YES;
				MARKETING_VERSION = 1.0;
				PRODUCT_BUNDLE_IDENTIFIER = "LMI.tiny-homeTests";
				PRODUCT_NAME = "$(TARGET_NAME)";
				SWIFT_EMIT_LOC_STRINGS = NO;
				SWIFT_VERSION = 5.0;
				TARGETED_DEVICE_FAMILY = "1,2";
				TEST_HOST = "$(BUILT_PRODUCTS_DIR)/a month game.app/$(BUNDLE_EXECUTABLE_FOLDER_PATH)/a month game";
			};
			name = Release;
		};
		038330B32A02850B008DEA10 /* Debug */ = {
			isa = XCBuildConfiguration;
			buildSettings = {
				ALWAYS_SEARCH_USER_PATHS = NO;
				CLANG_ANALYZER_NONNULL = YES;
				CLANG_ANALYZER_NUMBER_OBJECT_CONVERSION = YES_AGGRESSIVE;
				CLANG_CXX_LANGUAGE_STANDARD = "gnu++20";
				CLANG_ENABLE_MODULES = YES;
				CLANG_ENABLE_OBJC_ARC = YES;
				CLANG_ENABLE_OBJC_WEAK = YES;
				CLANG_WARN_BLOCK_CAPTURE_AUTORELEASING = YES;
				CLANG_WARN_BOOL_CONVERSION = YES;
				CLANG_WARN_COMMA = YES;
				CLANG_WARN_CONSTANT_CONVERSION = YES;
				CLANG_WARN_DEPRECATED_OBJC_IMPLEMENTATIONS = YES;
				CLANG_WARN_DIRECT_OBJC_ISA_USAGE = YES_ERROR;
				CLANG_WARN_DOCUMENTATION_COMMENTS = YES;
				CLANG_WARN_EMPTY_BODY = YES;
				CLANG_WARN_ENUM_CONVERSION = YES;
				CLANG_WARN_INFINITE_RECURSION = YES;
				CLANG_WARN_INT_CONVERSION = YES;
				CLANG_WARN_NON_LITERAL_NULL_CONVERSION = YES;
				CLANG_WARN_OBJC_IMPLICIT_RETAIN_SELF = YES;
				CLANG_WARN_OBJC_LITERAL_CONVERSION = YES;
				CLANG_WARN_OBJC_ROOT_CLASS = YES_ERROR;
				CLANG_WARN_QUOTED_INCLUDE_IN_FRAMEWORK_HEADER = YES;
				CLANG_WARN_RANGE_LOOP_ANALYSIS = YES;
				CLANG_WARN_STRICT_PROTOTYPES = YES;
				CLANG_WARN_SUSPICIOUS_MOVE = YES;
				CLANG_WARN_UNGUARDED_AVAILABILITY = YES_AGGRESSIVE;
				CLANG_WARN_UNREACHABLE_CODE = YES;
				CLANG_WARN__DUPLICATE_METHOD_MATCH = YES;
				COPY_PHASE_STRIP = NO;
				DEBUG_INFORMATION_FORMAT = dwarf;
				ENABLE_STRICT_OBJC_MSGSEND = YES;
				ENABLE_TESTABILITY = YES;
				GCC_C_LANGUAGE_STANDARD = gnu11;
				GCC_DYNAMIC_NO_PIC = NO;
				GCC_NO_COMMON_BLOCKS = YES;
				GCC_OPTIMIZATION_LEVEL = 0;
				GCC_PREPROCESSOR_DEFINITIONS = (
					"DEBUG=1",
					"$(inherited)",
				);
				GCC_WARN_64_TO_32_BIT_CONVERSION = YES;
				GCC_WARN_ABOUT_RETURN_TYPE = YES_ERROR;
				GCC_WARN_UNDECLARED_SELECTOR = YES;
				GCC_WARN_UNINITIALIZED_AUTOS = YES_AGGRESSIVE;
				GCC_WARN_UNUSED_FUNCTION = YES;
				GCC_WARN_UNUSED_VARIABLE = YES;
				IPHONEOS_DEPLOYMENT_TARGET = 16.4;
				MTL_ENABLE_DEBUG_INFO = INCLUDE_SOURCE;
				MTL_FAST_MATH = YES;
				ONLY_ACTIVE_ARCH = YES;
				SDKROOT = iphoneos;
				SWIFT_ACTIVE_COMPILATION_CONDITIONS = DEBUG;
				SWIFT_OPTIMIZATION_LEVEL = "-Onone";
			};
			name = Debug;
		};
		038330B42A02850B008DEA10 /* Release */ = {
			isa = XCBuildConfiguration;
			buildSettings = {
				ALWAYS_SEARCH_USER_PATHS = NO;
				CLANG_ANALYZER_NONNULL = YES;
				CLANG_ANALYZER_NUMBER_OBJECT_CONVERSION = YES_AGGRESSIVE;
				CLANG_CXX_LANGUAGE_STANDARD = "gnu++20";
				CLANG_ENABLE_MODULES = YES;
				CLANG_ENABLE_OBJC_ARC = YES;
				CLANG_ENABLE_OBJC_WEAK = YES;
				CLANG_WARN_BLOCK_CAPTURE_AUTORELEASING = YES;
				CLANG_WARN_BOOL_CONVERSION = YES;
				CLANG_WARN_COMMA = YES;
				CLANG_WARN_CONSTANT_CONVERSION = YES;
				CLANG_WARN_DEPRECATED_OBJC_IMPLEMENTATIONS = YES;
				CLANG_WARN_DIRECT_OBJC_ISA_USAGE = YES_ERROR;
				CLANG_WARN_DOCUMENTATION_COMMENTS = YES;
				CLANG_WARN_EMPTY_BODY = YES;
				CLANG_WARN_ENUM_CONVERSION = YES;
				CLANG_WARN_INFINITE_RECURSION = YES;
				CLANG_WARN_INT_CONVERSION = YES;
				CLANG_WARN_NON_LITERAL_NULL_CONVERSION = YES;
				CLANG_WARN_OBJC_IMPLICIT_RETAIN_SELF = YES;
				CLANG_WARN_OBJC_LITERAL_CONVERSION = YES;
				CLANG_WARN_OBJC_ROOT_CLASS = YES_ERROR;
				CLANG_WARN_QUOTED_INCLUDE_IN_FRAMEWORK_HEADER = YES;
				CLANG_WARN_RANGE_LOOP_ANALYSIS = YES;
				CLANG_WARN_STRICT_PROTOTYPES = YES;
				CLANG_WARN_SUSPICIOUS_MOVE = YES;
				CLANG_WARN_UNGUARDED_AVAILABILITY = YES_AGGRESSIVE;
				CLANG_WARN_UNREACHABLE_CODE = YES;
				CLANG_WARN__DUPLICATE_METHOD_MATCH = YES;
				COPY_PHASE_STRIP = NO;
				DEBUG_INFORMATION_FORMAT = "dwarf-with-dsym";
				ENABLE_NS_ASSERTIONS = NO;
				ENABLE_STRICT_OBJC_MSGSEND = YES;
				GCC_C_LANGUAGE_STANDARD = gnu11;
				GCC_NO_COMMON_BLOCKS = YES;
				GCC_WARN_64_TO_32_BIT_CONVERSION = YES;
				GCC_WARN_ABOUT_RETURN_TYPE = YES_ERROR;
				GCC_WARN_UNDECLARED_SELECTOR = YES;
				GCC_WARN_UNINITIALIZED_AUTOS = YES_AGGRESSIVE;
				GCC_WARN_UNUSED_FUNCTION = YES;
				GCC_WARN_UNUSED_VARIABLE = YES;
				IPHONEOS_DEPLOYMENT_TARGET = 16.4;
				MTL_ENABLE_DEBUG_INFO = NO;
				MTL_FAST_MATH = YES;
				SDKROOT = iphoneos;
				SWIFT_COMPILATION_MODE = wholemodule;
				SWIFT_OPTIMIZATION_LEVEL = "-O";
				VALIDATE_PRODUCT = YES;
			};
			name = Release;
		};
		038330B62A02850B008DEA10 /* Debug */ = {
			isa = XCBuildConfiguration;
			buildSettings = {
				ASSETCATALOG_COMPILER_APPICON_NAME = AppIcon;
				ASSETCATALOG_COMPILER_GLOBAL_ACCENT_COLOR_NAME = AccentColor;
				ASSETCATALOG_COMPILER_INCLUDE_ALL_APPICON_ASSETS = NO;
				CODE_SIGN_STYLE = Automatic;
				CURRENT_PROJECT_VERSION = 1;
				DEVELOPMENT_TEAM = U574U2FQ3E;
				GENERATE_INFOPLIST_FILE = YES;
				INFOPLIST_KEY_CFBundleDisplayName = "Tiny Home";
				INFOPLIST_KEY_LSApplicationCategoryType = "public.app-category.adventure-games";
				INFOPLIST_KEY_UIApplicationSupportsIndirectInputEvents = YES;
				INFOPLIST_KEY_UILaunchStoryboardName = LaunchScreen.storyboard;
				INFOPLIST_KEY_UIMainStoryboardFile = Main;
				INFOPLIST_KEY_UIRequiresFullScreen = YES;
				INFOPLIST_KEY_UIStatusBarHidden = YES;
				INFOPLIST_KEY_UISupportedInterfaceOrientations = "UIInterfaceOrientationPortrait UIInterfaceOrientationPortraitUpsideDown";
				LD_RUNPATH_SEARCH_PATHS = (
					"$(inherited)",
					"@executable_path/Frameworks",
				);
				MARKETING_VERSION = 1.0;
				PRODUCT_BUNDLE_IDENTIFIER = "LMI.a-month-game";
				PRODUCT_NAME = "$(TARGET_NAME)";
				SWIFT_EMIT_LOC_STRINGS = YES;
				SWIFT_VERSION = 5.0;
				TARGETED_DEVICE_FAMILY = "1,2";
			};
			name = Debug;
		};
		038330B72A02850B008DEA10 /* Release */ = {
			isa = XCBuildConfiguration;
			buildSettings = {
				ASSETCATALOG_COMPILER_APPICON_NAME = AppIcon;
				ASSETCATALOG_COMPILER_GLOBAL_ACCENT_COLOR_NAME = AccentColor;
				ASSETCATALOG_COMPILER_INCLUDE_ALL_APPICON_ASSETS = NO;
				CODE_SIGN_STYLE = Automatic;
				CURRENT_PROJECT_VERSION = 1;
				DEVELOPMENT_TEAM = U574U2FQ3E;
				GENERATE_INFOPLIST_FILE = YES;
				INFOPLIST_KEY_CFBundleDisplayName = "Tiny Home";
				INFOPLIST_KEY_LSApplicationCategoryType = "public.app-category.adventure-games";
				INFOPLIST_KEY_UIApplicationSupportsIndirectInputEvents = YES;
				INFOPLIST_KEY_UILaunchStoryboardName = LaunchScreen.storyboard;
				INFOPLIST_KEY_UIMainStoryboardFile = Main;
				INFOPLIST_KEY_UIRequiresFullScreen = YES;
				INFOPLIST_KEY_UIStatusBarHidden = YES;
				INFOPLIST_KEY_UISupportedInterfaceOrientations = "UIInterfaceOrientationPortrait UIInterfaceOrientationPortraitUpsideDown";
				LD_RUNPATH_SEARCH_PATHS = (
					"$(inherited)",
					"@executable_path/Frameworks",
				);
				MARKETING_VERSION = 1.0;
				PRODUCT_BUNDLE_IDENTIFIER = "LMI.a-month-game";
				PRODUCT_NAME = "$(TARGET_NAME)";
				SWIFT_EMIT_LOC_STRINGS = YES;
				SWIFT_VERSION = 5.0;
				TARGETED_DEVICE_FAMILY = "1,2";
			};
			name = Release;
		};
/* End XCBuildConfiguration section */

/* Begin XCConfigurationList section */
		036FE52F2A43136C007E66A5 /* Build configuration list for PBXNativeTarget "tiny_homeTests" */ = {
			isa = XCConfigurationList;
			buildConfigurations = (
				036FE5302A43136C007E66A5 /* Debug */,
				036FE5312A43136C007E66A5 /* Release */,
			);
			defaultConfigurationIsVisible = 0;
			defaultConfigurationName = Release;
		};
		038330992A02850A008DEA10 /* Build configuration list for PBXProject "a month game" */ = {
			isa = XCConfigurationList;
			buildConfigurations = (
				038330B32A02850B008DEA10 /* Debug */,
				038330B42A02850B008DEA10 /* Release */,
			);
			defaultConfigurationIsVisible = 0;
			defaultConfigurationName = Release;
		};
		038330B52A02850B008DEA10 /* Build configuration list for PBXNativeTarget "a month game" */ = {
			isa = XCConfigurationList;
			buildConfigurations = (
				038330B62A02850B008DEA10 /* Debug */,
				038330B72A02850B008DEA10 /* Release */,
			);
			defaultConfigurationIsVisible = 0;
			defaultConfigurationName = Release;
		};
/* End XCConfigurationList section */

/* Begin XCVersionGroup section */
		030ABFC12A0E290E00BAB9B8 /* WorldDataModel.xcdatamodeld */ = {
			isa = XCVersionGroup;
			children = (
				030ABFC22A0E290E00BAB9B8 /* GameModel.xcdatamodel */,
			);
			currentVersion = 030ABFC22A0E290E00BAB9B8 /* GameModel.xcdatamodel */;
			path = WorldDataModel.xcdatamodeld;
			sourceTree = "<group>";
			versionGroupType = wrapper.xcdatamodel;
		};
/* End XCVersionGroup section */
	};
	rootObject = 038330962A02850A008DEA10 /* Project object */;
}
